// !$*UTF8*$!
{
	archiveVersion = 1;
	classes = {
	};
	objectVersion = 50;
	objects = {

/* Begin PBXBuildFile section */
		39CE0C2421953E8A0086D314 /* AppDelegate.swift in Sources */ = {isa = PBXBuildFile; fileRef = 39CE0C2321953E8A0086D314 /* AppDelegate.swift */; };
		39CE0C2621953E8A0086D314 /* ViewController.swift in Sources */ = {isa = PBXBuildFile; fileRef = 39CE0C2521953E8A0086D314 /* ViewController.swift */; };
		39CE0C2921953E8A0086D314 /* Main.storyboard in Resources */ = {isa = PBXBuildFile; fileRef = 39CE0C2721953E8A0086D314 /* Main.storyboard */; };
		39CE0C2B21953E8C0086D314 /* Assets.xcassets in Resources */ = {isa = PBXBuildFile; fileRef = 39CE0C2A21953E8C0086D314 /* Assets.xcassets */; };
		39CE0C2E21953E8C0086D314 /* LaunchScreen.storyboard in Resources */ = {isa = PBXBuildFile; fileRef = 39CE0C2C21953E8C0086D314 /* LaunchScreen.storyboard */; };
		39CE0C3921953E8C0086D314 /* PSLoadImageTests.swift in Sources */ = {isa = PBXBuildFile; fileRef = 39CE0C3821953E8C0086D314 /* PSLoadImageTests.swift */; };
		39CE0C4421953E8C0086D314 /* PSLoadImageUITests.swift in Sources */ = {isa = PBXBuildFile; fileRef = 39CE0C4321953E8C0086D314 /* PSLoadImageUITests.swift */; };
/* End PBXBuildFile section */

/* Begin PBXContainerItemProxy section */
		39CE0C3521953E8C0086D314 /* PBXContainerItemProxy */ = {
			isa = PBXContainerItemProxy;
			containerPortal = 39CE0C1821953E8A0086D314 /* Project object */;
			proxyType = 1;
			remoteGlobalIDString = 39CE0C1F21953E8A0086D314;
			remoteInfo = PSLoadImage;
		};
		39CE0C4021953E8C0086D314 /* PBXContainerItemProxy */ = {
			isa = PBXContainerItemProxy;
			containerPortal = 39CE0C1821953E8A0086D314 /* Project object */;
			proxyType = 1;
			remoteGlobalIDString = 39CE0C1F21953E8A0086D314;
			remoteInfo = PSLoadImage;
		};
/* End PBXContainerItemProxy section */

/* Begin PBXFileReference section */
		39CE0C2021953E8A0086D314 /* PSLoadImage.app */ = {isa = PBXFileReference; explicitFileType = wrapper.application; includeInIndex = 0; path = PSLoadImage.app; sourceTree = BUILT_PRODUCTS_DIR; };
		39CE0C2321953E8A0086D314 /* AppDelegate.swift */ = {isa = PBXFileReference; lastKnownFileType = sourcecode.swift; path = AppDelegate.swift; sourceTree = "<group>"; };
		39CE0C2521953E8A0086D314 /* ViewController.swift */ = {isa = PBXFileReference; lastKnownFileType = sourcecode.swift; path = ViewController.swift; sourceTree = "<group>"; };
		39CE0C2821953E8A0086D314 /* Base */ = {isa = PBXFileReference; lastKnownFileType = file.storyboard; name = Base; path = Base.lproj/Main.storyboard; sourceTree = "<group>"; };
		39CE0C2A21953E8C0086D314 /* Assets.xcassets */ = {isa = PBXFileReference; lastKnownFileType = folder.assetcatalog; path = Assets.xcassets; sourceTree = "<group>"; };
		39CE0C2D21953E8C0086D314 /* Base */ = {isa = PBXFileReference; lastKnownFileType = file.storyboard; name = Base; path = Base.lproj/LaunchScreen.storyboard; sourceTree = "<group>"; };
		39CE0C2F21953E8C0086D314 /* Info.plist */ = {isa = PBXFileReference; lastKnownFileType = text.plist.xml; path = Info.plist; sourceTree = "<group>"; };
		39CE0C3421953E8C0086D314 /* PSLoadImageTests.xctest */ = {isa = PBXFileReference; explicitFileType = wrapper.cfbundle; includeInIndex = 0; path = PSLoadImageTests.xctest; sourceTree = BUILT_PRODUCTS_DIR; };
		39CE0C3821953E8C0086D314 /* PSLoadImageTests.swift */ = {isa = PBXFileReference; lastKnownFileType = sourcecode.swift; path = PSLoadImageTests.swift; sourceTree = "<group>"; };
		39CE0C3A21953E8C0086D314 /* Info.plist */ = {isa = PBXFileReference; lastKnownFileType = text.plist.xml; path = Info.plist; sourceTree = "<group>"; };
		39CE0C3F21953E8C0086D314 /* PSLoadImageUITests.xctest */ = {isa = PBXFileReference; explicitFileType = wrapper.cfbundle; includeInIndex = 0; path = PSLoadImageUITests.xctest; sourceTree = BUILT_PRODUCTS_DIR; };
		39CE0C4321953E8C0086D314 /* PSLoadImageUITests.swift */ = {isa = PBXFileReference; lastKnownFileType = sourcecode.swift; path = PSLoadImageUITests.swift; sourceTree = "<group>"; };
		39CE0C4521953E8C0086D314 /* Info.plist */ = {isa = PBXFileReference; lastKnownFileType = text.plist.xml; path = Info.plist; sourceTree = "<group>"; };
/* End PBXFileReference section */

/* Begin PBXFrameworksBuildPhase section */
		39CE0C1D21953E8A0086D314 /* Frameworks */ = {
			isa = PBXFrameworksBuildPhase;
			buildActionMask = 2147483647;
			files = (
			);
			runOnlyForDeploymentPostprocessing = 0;
		};
		39CE0C3121953E8C0086D314 /* Frameworks */ = {
			isa = PBXFrameworksBuildPhase;
			buildActionMask = 2147483647;
			files = (
			);
			runOnlyForDeploymentPostprocessing = 0;
		};
		39CE0C3C21953E8C0086D314 /* Frameworks */ = {
			isa = PBXFrameworksBuildPhase;
			buildActionMask = 2147483647;
			files = (
			);
			runOnlyForDeploymentPostprocessing = 0;
		};
/* End PBXFrameworksBuildPhase section */

/* Begin PBXGroup section */
		39CE0C1721953E8A0086D314 = {
			isa = PBXGroup;
			children = (
				39CE0C2221953E8A0086D314 /* PSLoadImage */,
				39CE0C3721953E8C0086D314 /* PSLoadImageTests */,
				39CE0C4221953E8C0086D314 /* PSLoadImageUITests */,
				39CE0C2121953E8A0086D314 /* Products */,
			);
			sourceTree = "<group>";
		};
		39CE0C2121953E8A0086D314 /* Products */ = {
			isa = PBXGroup;
			children = (
				39CE0C2021953E8A0086D314 /* PSLoadImage.app */,
				39CE0C3421953E8C0086D314 /* PSLoadImageTests.xctest */,
				39CE0C3F21953E8C0086D314 /* PSLoadImageUITests.xctest */,
			);
			name = Products;
			sourceTree = "<group>";
		};
		39CE0C2221953E8A0086D314 /* PSLoadImage */ = {
			isa = PBXGroup;
			children = (
				39CE0C5221953EBF0086D314 /* Controller */,
				39CE0C5121953EA10086D314 /* Other */,
			);
			path = PSLoadImage;
			sourceTree = "<group>";
		};
		39CE0C3721953E8C0086D314 /* PSLoadImageTests */ = {
			isa = PBXGroup;
			children = (
				39CE0C3821953E8C0086D314 /* PSLoadImageTests.swift */,
				39CE0C3A21953E8C0086D314 /* Info.plist */,
			);
			path = PSLoadImageTests;
			sourceTree = "<group>";
		};
		39CE0C4221953E8C0086D314 /* PSLoadImageUITests */ = {
			isa = PBXGroup;
			children = (
				39CE0C4321953E8C0086D314 /* PSLoadImageUITests.swift */,
				39CE0C4521953E8C0086D314 /* Info.plist */,
			);
			path = PSLoadImageUITests;
			sourceTree = "<group>";
		};
		39CE0C5121953EA10086D314 /* Other */ = {
			isa = PBXGroup;
			children = (
				39CE0C2721953E8A0086D314 /* Main.storyboard */,
				39CE0C2321953E8A0086D314 /* AppDelegate.swift */,
				39CE0C2A21953E8C0086D314 /* Assets.xcassets */,
				39CE0C2C21953E8C0086D314 /* LaunchScreen.storyboard */,
				39CE0C2F21953E8C0086D314 /* Info.plist */,
			);
			path = Other;
			sourceTree = "<group>";
		};
		39CE0C5221953EBF0086D314 /* Controller */ = {
			isa = PBXGroup;
			children = (
				39CE0C2521953E8A0086D314 /* ViewController.swift */,
			);
			path = Controller;
			sourceTree = "<group>";
		};
/* End PBXGroup section */

/* Begin PBXNativeTarget section */
		39CE0C1F21953E8A0086D314 /* PSLoadImage */ = {
			isa = PBXNativeTarget;
			buildConfigurationList = 39CE0C4821953E8C0086D314 /* Build configuration list for PBXNativeTarget "PSLoadImage" */;
			buildPhases = (
				39CE0C1C21953E8A0086D314 /* Sources */,
				39CE0C1D21953E8A0086D314 /* Frameworks */,
				39CE0C1E21953E8A0086D314 /* Resources */,
			);
			buildRules = (
			);
			dependencies = (
			);
			name = PSLoadImage;
			productName = PSLoadImage;
			productReference = 39CE0C2021953E8A0086D314 /* PSLoadImage.app */;
			productType = "com.apple.product-type.application";
		};
		39CE0C3321953E8C0086D314 /* PSLoadImageTests */ = {
			isa = PBXNativeTarget;
			buildConfigurationList = 39CE0C4B21953E8C0086D314 /* Build configuration list for PBXNativeTarget "PSLoadImageTests" */;
			buildPhases = (
				39CE0C3021953E8C0086D314 /* Sources */,
				39CE0C3121953E8C0086D314 /* Frameworks */,
				39CE0C3221953E8C0086D314 /* Resources */,
			);
			buildRules = (
			);
			dependencies = (
				39CE0C3621953E8C0086D314 /* PBXTargetDependency */,
			);
			name = PSLoadImageTests;
			productName = PSLoadImageTests;
			productReference = 39CE0C3421953E8C0086D314 /* PSLoadImageTests.xctest */;
			productType = "com.apple.product-type.bundle.unit-test";
		};
		39CE0C3E21953E8C0086D314 /* PSLoadImageUITests */ = {
			isa = PBXNativeTarget;
			buildConfigurationList = 39CE0C4E21953E8C0086D314 /* Build configuration list for PBXNativeTarget "PSLoadImageUITests" */;
			buildPhases = (
				39CE0C3B21953E8C0086D314 /* Sources */,
				39CE0C3C21953E8C0086D314 /* Frameworks */,
				39CE0C3D21953E8C0086D314 /* Resources */,
			);
			buildRules = (
			);
			dependencies = (
				39CE0C4121953E8C0086D314 /* PBXTargetDependency */,
			);
			name = PSLoadImageUITests;
			productName = PSLoadImageUITests;
			productReference = 39CE0C3F21953E8C0086D314 /* PSLoadImageUITests.xctest */;
			productType = "com.apple.product-type.bundle.ui-testing";
		};
/* End PBXNativeTarget section */

/* Begin PBXProject section */
		39CE0C1821953E8A0086D314 /* Project object */ = {
			isa = PBXProject;
			attributes = {
				LastSwiftUpdateCheck = 1000;
				LastUpgradeCheck = 1000;
				ORGANIZATIONNAME = "廖佩志";
				TargetAttributes = {
					39CE0C1F21953E8A0086D314 = {
						CreatedOnToolsVersion = 10.0;
					};
					39CE0C3321953E8C0086D314 = {
						CreatedOnToolsVersion = 10.0;
						TestTargetID = 39CE0C1F21953E8A0086D314;
					};
					39CE0C3E21953E8C0086D314 = {
						CreatedOnToolsVersion = 10.0;
						TestTargetID = 39CE0C1F21953E8A0086D314;
					};
				};
			};
			buildConfigurationList = 39CE0C1B21953E8A0086D314 /* Build configuration list for PBXProject "PSLoadImage" */;
			compatibilityVersion = "Xcode 9.3";
			developmentRegion = en;
			hasScannedForEncodings = 0;
			knownRegions = (
				en,
				Base,
			);
			mainGroup = 39CE0C1721953E8A0086D314;
			productRefGroup = 39CE0C2121953E8A0086D314 /* Products */;
			projectDirPath = "";
			projectRoot = "";
			targets = (
				39CE0C1F21953E8A0086D314 /* PSLoadImage */,
				39CE0C3321953E8C0086D314 /* PSLoadImageTests */,
				39CE0C3E21953E8C0086D314 /* PSLoadImageUITests */,
			);
		};
/* End PBXProject section */

/* Begin PBXResourcesBuildPhase section */
		39CE0C1E21953E8A0086D314 /* Resources */ = {
			isa = PBXResourcesBuildPhase;
			buildActionMask = 2147483647;
			files = (
				39CE0C2E21953E8C0086D314 /* LaunchScreen.storyboard in Resources */,
				39CE0C2B21953E8C0086D314 /* Assets.xcassets in Resources */,
				39CE0C2921953E8A0086D314 /* Main.storyboard in Resources */,
			);
			runOnlyForDeploymentPostprocessing = 0;
		};
		39CE0C3221953E8C0086D314 /* Resources */ = {
			isa = PBXResourcesBuildPhase;
			buildActionMask = 2147483647;
			files = (
			);
			runOnlyForDeploymentPostprocessing = 0;
		};
		39CE0C3D21953E8C0086D314 /* Resources */ = {
			isa = PBXResourcesBuildPhase;
			buildActionMask = 2147483647;
			files = (
			);
			runOnlyForDeploymentPostprocessing = 0;
		};
/* End PBXResourcesBuildPhase section */

/* Begin PBXSourcesBuildPhase section */
		39CE0C1C21953E8A0086D314 /* Sources */ = {
			isa = PBXSourcesBuildPhase;
			buildActionMask = 2147483647;
			files = (
				39CE0C2621953E8A0086D314 /* ViewController.swift in Sources */,
				39CE0C2421953E8A0086D314 /* AppDelegate.swift in Sources */,
			);
			runOnlyForDeploymentPostprocessing = 0;
		};
		39CE0C3021953E8C0086D314 /* Sources */ = {
			isa = PBXSourcesBuildPhase;
			buildActionMask = 2147483647;
			files = (
				39CE0C3921953E8C0086D314 /* PSLoadImageTests.swift in Sources */,
			);
			runOnlyForDeploymentPostprocessing = 0;
		};
		39CE0C3B21953E8C0086D314 /* Sources */ = {
			isa = PBXSourcesBuildPhase;
			buildActionMask = 2147483647;
			files = (
				39CE0C4421953E8C0086D314 /* PSLoadImageUITests.swift in Sources */,
			);
			runOnlyForDeploymentPostprocessing = 0;
		};
/* End PBXSourcesBuildPhase section */

/* Begin PBXTargetDependency section */
		39CE0C3621953E8C0086D314 /* PBXTargetDependency */ = {
			isa = PBXTargetDependency;
			target = 39CE0C1F21953E8A0086D314 /* PSLoadImage */;
			targetProxy = 39CE0C3521953E8C0086D314 /* PBXContainerItemProxy */;
		};
		39CE0C4121953E8C0086D314 /* PBXTargetDependency */ = {
			isa = PBXTargetDependency;
			target = 39CE0C1F21953E8A0086D314 /* PSLoadImage */;
			targetProxy = 39CE0C4021953E8C0086D314 /* PBXContainerItemProxy */;
		};
/* End PBXTargetDependency section */

/* Begin PBXVariantGroup section */
		39CE0C2721953E8A0086D314 /* Main.storyboard */ = {
			isa = PBXVariantGroup;
			children = (
				39CE0C2821953E8A0086D314 /* Base */,
			);
			name = Main.storyboard;
			sourceTree = "<group>";
		};
		39CE0C2C21953E8C0086D314 /* LaunchScreen.storyboard */ = {
			isa = PBXVariantGroup;
			children = (
				39CE0C2D21953E8C0086D314 /* Base */,
			);
			name = LaunchScreen.storyboard;
			sourceTree = "<group>";
		};
/* End PBXVariantGroup section */

/* Begin XCBuildConfiguration section */
		39CE0C4621953E8C0086D314 /* Debug */ = {
			isa = XCBuildConfiguration;
			buildSettings = {
				ALWAYS_SEARCH_USER_PATHS = NO;
				CLANG_ANALYZER_NONNULL = YES;
				CLANG_ANALYZER_NUMBER_OBJECT_CONVERSION = YES_AGGRESSIVE;
				CLANG_CXX_LANGUAGE_STANDARD = "gnu++14";
				CLANG_CXX_LIBRARY = "libc++";
				CLANG_ENABLE_MODULES = YES;
				CLANG_ENABLE_OBJC_ARC = YES;
				CLANG_ENABLE_OBJC_WEAK = YES;
				CLANG_WARN_BLOCK_CAPTURE_AUTORELEASING = YES;
				CLANG_WARN_BOOL_CONVERSION = YES;
				CLANG_WARN_COMMA = YES;
				CLANG_WARN_CONSTANT_CONVERSION = YES;
				CLANG_WARN_DEPRECATED_OBJC_IMPLEMENTATIONS = YES;
				CLANG_WARN_DIRECT_OBJC_ISA_USAGE = YES_ERROR;
				CLANG_WARN_DOCUMENTATION_COMMENTS = YES;
				CLANG_WARN_EMPTY_BODY = YES;
				CLANG_WARN_ENUM_CONVERSION = YES;
				CLANG_WARN_INFINITE_RECURSION = YES;
				CLANG_WARN_INT_CONVERSION = YES;
				CLANG_WARN_NON_LITERAL_NULL_CONVERSION = YES;
				CLANG_WARN_OBJC_IMPLICIT_RETAIN_SELF = YES;
				CLANG_WARN_OBJC_LITERAL_CONVERSION = YES;
				CLANG_WARN_OBJC_ROOT_CLASS = YES_ERROR;
				CLANG_WARN_RANGE_LOOP_ANALYSIS = YES;
				CLANG_WARN_STRICT_PROTOTYPES = YES;
				CLANG_WARN_SUSPICIOUS_MOVE = YES;
				CLANG_WARN_UNGUARDED_AVAILABILITY = YES_AGGRESSIVE;
				CLANG_WARN_UNREACHABLE_CODE = YES;
				CLANG_WARN__DUPLICATE_METHOD_MATCH = YES;
				CODE_SIGN_IDENTITY = "iPhone Developer";
				COPY_PHASE_STRIP = NO;
				DEBUG_INFORMATION_FORMAT = dwarf;
				ENABLE_STRICT_OBJC_MSGSEND = YES;
				ENABLE_TESTABILITY = YES;
				GCC_C_LANGUAGE_STANDARD = gnu11;
				GCC_DYNAMIC_NO_PIC = NO;
				GCC_NO_COMMON_BLOCKS = YES;
				GCC_OPTIMIZATION_LEVEL = 0;
				GCC_PREPROCESSOR_DEFINITIONS = (
					"DEBUG=1",
					"$(inherited)",
				);
				GCC_WARN_64_TO_32_BIT_CONVERSION = YES;
				GCC_WARN_ABOUT_RETURN_TYPE = YES_ERROR;
				GCC_WARN_UNDECLARED_SELECTOR = YES;
				GCC_WARN_UNINITIALIZED_AUTOS = YES_AGGRESSIVE;
				GCC_WARN_UNUSED_FUNCTION = YES;
				GCC_WARN_UNUSED_VARIABLE = YES;
				IPHONEOS_DEPLOYMENT_TARGET = 12.0;
				MTL_ENABLE_DEBUG_INFO = INCLUDE_SOURCE;
				MTL_FAST_MATH = YES;
				ONLY_ACTIVE_ARCH = YES;
				SDKROOT = iphoneos;
				SWIFT_ACTIVE_COMPILATION_CONDITIONS = DEBUG;
				SWIFT_OPTIMIZATION_LEVEL = "-Onone";
			};
			name = Debug;
		};
		39CE0C4721953E8C0086D314 /* Release */ = {
			isa = XCBuildConfiguration;
			buildSettings = {
				ALWAYS_SEARCH_USER_PATHS = NO;
				CLANG_ANALYZER_NONNULL = YES;
				CLANG_ANALYZER_NUMBER_OBJECT_CONVERSION = YES_AGGRESSIVE;
				CLANG_CXX_LANGUAGE_STANDARD = "gnu++14";
				CLANG_CXX_LIBRARY = "libc++";
				CLANG_ENABLE_MODULES = YES;
				CLANG_ENABLE_OBJC_ARC = YES;
				CLANG_ENABLE_OBJC_WEAK = YES;
				CLANG_WARN_BLOCK_CAPTURE_AUTORELEASING = YES;
				CLANG_WARN_BOOL_CONVERSION = YES;
				CLANG_WARN_COMMA = YES;
				CLANG_WARN_CONSTANT_CONVERSION = YES;
				CLANG_WARN_DEPRECATED_OBJC_IMPLEMENTATIONS = YES;
				CLANG_WARN_DIRECT_OBJC_ISA_USAGE = YES_ERROR;
				CLANG_WARN_DOCUMENTATION_COMMENTS = YES;
				CLANG_WARN_EMPTY_BODY = YES;
				CLANG_WARN_ENUM_CONVERSION = YES;
				CLANG_WARN_INFINITE_RECURSION = YES;
				CLANG_WARN_INT_CONVERSION = YES;
				CLANG_WARN_NON_LITERAL_NULL_CONVERSION = YES;
				CLANG_WARN_OBJC_IMPLICIT_RETAIN_SELF = YES;
				CLANG_WARN_OBJC_LITERAL_CONVERSION = YES;
				CLANG_WARN_OBJC_ROOT_CLASS = YES_ERROR;
				CLANG_WARN_RANGE_LOOP_ANALYSIS = YES;
				CLANG_WARN_STRICT_PROTOTYPES = YES;
				CLANG_WARN_SUSPICIOUS_MOVE = YES;
				CLANG_WARN_UNGUARDED_AVAILABILITY = YES_AGGRESSIVE;
				CLANG_WARN_UNREACHABLE_CODE = YES;
				CLANG_WARN__DUPLICATE_METHOD_MATCH = YES;
				CODE_SIGN_IDENTITY = "iPhone Developer";
				COPY_PHASE_STRIP = NO;
				DEBUG_INFORMATION_FORMAT = "dwarf-with-dsym";
				ENABLE_NS_ASSERTIONS = NO;
				ENABLE_STRICT_OBJC_MSGSEND = YES;
				GCC_C_LANGUAGE_STANDARD = gnu11;
				GCC_NO_COMMON_BLOCKS = YES;
				GCC_WARN_64_TO_32_BIT_CONVERSION = YES;
				GCC_WARN_ABOUT_RETURN_TYPE = YES_ERROR;
				GCC_WARN_UNDECLARED_SELECTOR = YES;
				GCC_WARN_UNINITIALIZED_AUTOS = YES_AGGRESSIVE;
				GCC_WARN_UNUSED_FUNCTION = YES;
				GCC_WARN_UNUSED_VARIABLE = YES;
				IPHONEOS_DEPLOYMENT_TARGET = 12.0;
				MTL_ENABLE_DEBUG_INFO = NO;
				MTL_FAST_MATH = YES;
				SDKROOT = iphoneos;
				SWIFT_COMPILATION_MODE = wholemodule;
				SWIFT_OPTIMIZATION_LEVEL = "-O";
				VALIDATE_PRODUCT = YES;
			};
			name = Release;
		};
		39CE0C4921953E8C0086D314 /* Debug */ = {
			isa = XCBuildConfiguration;
			buildSettings = {
				ASSETCATALOG_COMPILER_APPICON_NAME = AppIcon;
				CODE_SIGN_STYLE = Automatic;
				DEVELOPMENT_TEAM = 947Y58Z74K;
				INFOPLIST_FILE = PSLoadImage/Info.plist;
				LD_RUNPATH_SEARCH_PATHS = (
					"$(inherited)",
					"@executable_path/Frameworks",
				);
				PRODUCT_BUNDLE_IDENTIFIER = lpz.code.PSLoadImage;
				PRODUCT_NAME = "$(TARGET_NAME)";
				SWIFT_VERSION = 4.2;
				TARGETED_DEVICE_FAMILY = "1,2";
			};
			name = Debug;
		};
		39CE0C4A21953E8C0086D314 /* Release */ = {
			isa = XCBuildConfiguration;
			buildSettings = {
				ASSETCATALOG_COMPILER_APPICON_NAME = AppIcon;
				CODE_SIGN_STYLE = Automatic;
				DEVELOPMENT_TEAM = 947Y58Z74K;
				INFOPLIST_FILE = PSLoadImage/Info.plist;
				LD_RUNPATH_SEARCH_PATHS = (
					"$(inherited)",
					"@executable_path/Frameworks",
				);
				PRODUCT_BUNDLE_IDENTIFIER = lpz.code.PSLoadImage;
				PRODUCT_NAME = "$(TARGET_NAME)";
				SWIFT_VERSION = 4.2;
				TARGETED_DEVICE_FAMILY = "1,2";
			};
			name = Release;
		};
		39CE0C4C21953E8C0086D314 /* Debug */ = {
			isa = XCBuildConfiguration;
			buildSettings = {
				ALWAYS_EMBED_SWIFT_STANDARD_LIBRARIES = YES;
				BUNDLE_LOADER = "$(TEST_HOST)";
				CODE_SIGN_STYLE = Automatic;
				DEVELOPMENT_TEAM = 947Y58Z74K;
				INFOPLIST_FILE = PSLoadImageTests/Info.plist;
				LD_RUNPATH_SEARCH_PATHS = (
					"$(inherited)",
					"@executable_path/Frameworks",
					"@loader_path/Frameworks",
				);
				PRODUCT_BUNDLE_IDENTIFIER = lpz.code.PSLoadImageTests;
				PRODUCT_NAME = "$(TARGET_NAME)";
				SWIFT_VERSION = 4.2;
				TARGETED_DEVICE_FAMILY = "1,2";
				TEST_HOST = "$(BUILT_PRODUCTS_DIR)/PSLoadImage.app/PSLoadImage";
			};
			name = Debug;
		};
		39CE0C4D21953E8C0086D314 /* Release */ = {
			isa = XCBuildConfiguration;
			buildSettings = {
				ALWAYS_EMBED_SWIFT_STANDARD_LIBRARIES = YES;
				BUNDLE_LOADER = "$(TEST_HOST)";
				CODE_SIGN_STYLE = Automatic;
				DEVELOPMENT_TEAM = 947Y58Z74K;
				INFOPLIST_FILE = PSLoadImageTests/Info.plist;
				LD_RUNPATH_SEARCH_PATHS = (
					"$(inherited)",
					"@executable_path/Frameworks",
					"@loader_path/Frameworks",
				);
				PRODUCT_BUNDLE_IDENTIFIER = lpz.code.PSLoadImageTests;
				PRODUCT_NAME = "$(TARGET_NAME)";
				SWIFT_VERSION = 4.2;
				TARGETED_DEVICE_FAMILY = "1,2";
				TEST_HOST = "$(BUILT_PRODUCTS_DIR)/PSLoadImage.app/PSLoadImage";
			};
			name = Release;
		};
		39CE0C4F21953E8C0086D314 /* Debug */ = {
			isa = XCBuildConfiguration;
			buildSettings = {
				ALWAYS_EMBED_SWIFT_STANDARD_LIBRARIES = YES;
				CODE_SIGN_STYLE = Automatic;
				DEVELOPMENT_TEAM = 947Y58Z74K;
				INFOPLIST_FILE = PSLoadImageUITests/Info.plist;
				LD_RUNPATH_SEARCH_PATHS = (
					"$(inherited)",
					"@executable_path/Frameworks",
					"@loader_path/Frameworks",
				);
				PRODUCT_BUNDLE_IDENTIFIER = lpz.code.PSLoadImageUITests;
				PRODUCT_NAME = "$(TARGET_NAME)";
				SWIFT_VERSION = 4.2;
				TARGETED_DEVICE_FAMILY = "1,2";
				TEST_TARGET_NAME = PSLoadImage;
			};
			name = Debug;
		};
		39CE0C5021953E8C0086D314 /* Release */ = {
			isa = XCBuildConfiguration;
			buildSettings = {
				ALWAYS_EMBED_SWIFT_STANDARD_LIBRARIES = YES;
				CODE_SIGN_STYLE = Automatic;
				DEVELOPMENT_TEAM = 947Y58Z74K;
				INFOPLIST_FILE = PSLoadImageUITests/Info.plist;
				LD_RUNPATH_SEARCH_PATHS = (
					"$(inherited)",
					"@executable_path/Frameworks",
					"@loader_path/Frameworks",
				);
				PRODUCT_BUNDLE_IDENTIFIER = lpz.code.PSLoadImageUITests;
				PRODUCT_NAME = "$(TARGET_NAME)";
				SWIFT_VERSION = 4.2;
				TARGETED_DEVICE_FAMILY = "1,2";
				TEST_TARGET_NAME = PSLoadImage;
			};
			name = Release;
		};
/* End XCBuildConfiguration section */

/* Begin XCConfigurationList section */
		39CE0C1B21953E8A0086D314 /* Build configuration list for PBXProject "PSLoadImage" */ = {
			isa = XCConfigurationList;
			buildConfigurations = (
				39CE0C4621953E8C0086D314 /* Debug */,
				39CE0C4721953E8C0086D314 /* Release */,
			);
			defaultConfigurationIsVisible = 0;
			defaultConfigurationName = Release;
		};
		39CE0C4821953E8C0086D314 /* Build configuration list for PBXNativeTarget "PSLoadImage" */ = {
			isa = XCConfigurationList;
			buildConfigurations = (
				39CE0C4921953E8C0086D314 /* Debug */,
				39CE0C4A21953E8C0086D314 /* Release */,
			);
			defaultConfigurationIsVisible = 0;
			defaultConfigurationName = Release;
		};
		39CE0C4B21953E8C0086D314 /* Build configuration list for PBXNativeTarget "PSLoadImageTests" */ = {
			isa = XCConfigurationList;
			buildConfigurations = (
				39CE0C4C21953E8C0086D314 /* Debug */,
				39CE0C4D21953E8C0086D314 /* Release */,
			);
			defaultConfigurationIsVisible = 0;
			defaultConfigurationName = Release;
		};
		39CE0C4E21953E8C0086D314 /* Build configuration list for PBXNativeTarget "PSLoadImageUITests" */ = {
			isa = XCConfigurationList;
			buildConfigurations = (
				39CE0C4F21953E8C0086D314 /* Debug */,
				39CE0C5021953E8C0086D314 /* Release */,
			);
			defaultConfigurationIsVisible = 0;
			defaultConfigurationName = Release;
		};
/* End XCConfigurationList section */
	};
	rootObject = 39CE0C1821953E8A0086D314 /* Project object */;
}
