// !$*UTF8*$!
{
	archiveVersion = 1;
	classes = {
	};
	objectVersion = 50;
	objects = {

/* Begin PBXBuildFile section */
		3927A4792223989B00FE554C /* AppDelegate.swift in Sources */ = {isa = PBXBuildFile; fileRef = 3927A4782223989B00FE554C /* AppDelegate.swift */; };
		3927A47B2223989B00FE554C /* ViewController.swift in Sources */ = {isa = PBXBuildFile; fileRef = 3927A47A2223989B00FE554C /* ViewController.swift */; };
		3927A47E2223989B00FE554C /* Main.storyboard in Resources */ = {isa = PBXBuildFile; fileRef = 3927A47C2223989B00FE554C /* Main.storyboard */; };
		3927A4802223989D00FE554C /* Assets.xcassets in Resources */ = {isa = PBXBuildFile; fileRef = 3927A47F2223989D00FE554C /* Assets.xcassets */; };
		3927A4832223989D00FE554C /* LaunchScreen.storyboard in Resources */ = {isa = PBXBuildFile; fileRef = 3927A4812223989D00FE554C /* LaunchScreen.storyboard */; };
		3927A48E2223989D00FE554C /* _______Tests.swift in Sources */ = {isa = PBXBuildFile; fileRef = 3927A48D2223989D00FE554C /* _______Tests.swift */; };
		3927A4992223989D00FE554C /* _______UITests.swift in Sources */ = {isa = PBXBuildFile; fileRef = 3927A4982223989D00FE554C /* _______UITests.swift */; };
		3927A4A82223C87100FE554C /* VideoRecord.swift in Sources */ = {isa = PBXBuildFile; fileRef = 3927A4A72223C87100FE554C /* VideoRecord.swift */; };
/* End PBXBuildFile section */

/* Begin PBXContainerItemProxy section */
		3927A48A2223989D00FE554C /* PBXContainerItemProxy */ = {
			isa = PBXContainerItemProxy;
			containerPortal = 3927A46D2223989B00FE554C /* Project object */;
			proxyType = 1;
			remoteGlobalIDString = 3927A4742223989B00FE554C;
			remoteInfo = "视频录制-学习";
		};
		3927A4952223989D00FE554C /* PBXContainerItemProxy */ = {
			isa = PBXContainerItemProxy;
			containerPortal = 3927A46D2223989B00FE554C /* Project object */;
			proxyType = 1;
			remoteGlobalIDString = 3927A4742223989B00FE554C;
			remoteInfo = "视频录制-学习";
		};
/* End PBXContainerItemProxy section */

/* Begin PBXFileReference section */
		3927A4752223989B00FE554C /* 视频录制-学习.app */ = {isa = PBXFileReference; explicitFileType = wrapper.application; includeInIndex = 0; path = "视频录制-学习.app"; sourceTree = BUILT_PRODUCTS_DIR; };
		3927A4782223989B00FE554C /* AppDelegate.swift */ = {isa = PBXFileReference; lastKnownFileType = sourcecode.swift; path = AppDelegate.swift; sourceTree = "<group>"; };
		3927A47A2223989B00FE554C /* ViewController.swift */ = {isa = PBXFileReference; lastKnownFileType = sourcecode.swift; path = ViewController.swift; sourceTree = "<group>"; };
		3927A47D2223989B00FE554C /* Base */ = {isa = PBXFileReference; lastKnownFileType = file.storyboard; name = Base; path = Base.lproj/Main.storyboard; sourceTree = "<group>"; };
		3927A47F2223989D00FE554C /* Assets.xcassets */ = {isa = PBXFileReference; lastKnownFileType = folder.assetcatalog; path = Assets.xcassets; sourceTree = "<group>"; };
		3927A4822223989D00FE554C /* Base */ = {isa = PBXFileReference; lastKnownFileType = file.storyboard; name = Base; path = Base.lproj/LaunchScreen.storyboard; sourceTree = "<group>"; };
		3927A4842223989D00FE554C /* Info.plist */ = {isa = PBXFileReference; lastKnownFileType = text.plist.xml; path = Info.plist; sourceTree = "<group>"; };
		3927A4892223989D00FE554C /* 视频录制-学习Tests.xctest */ = {isa = PBXFileReference; explicitFileType = wrapper.cfbundle; includeInIndex = 0; path = "视频录制-学习Tests.xctest"; sourceTree = BUILT_PRODUCTS_DIR; };
		3927A48D2223989D00FE554C /* _______Tests.swift */ = {isa = PBXFileReference; lastKnownFileType = sourcecode.swift; path = "_______Tests.swift"; sourceTree = "<group>"; };
		3927A48F2223989D00FE554C /* Info.plist */ = {isa = PBXFileReference; lastKnownFileType = text.plist.xml; path = Info.plist; sourceTree = "<group>"; };
		3927A4942223989D00FE554C /* 视频录制-学习UITests.xctest */ = {isa = PBXFileReference; explicitFileType = wrapper.cfbundle; includeInIndex = 0; path = "视频录制-学习UITests.xctest"; sourceTree = BUILT_PRODUCTS_DIR; };
		3927A4982223989D00FE554C /* _______UITests.swift */ = {isa = PBXFileReference; lastKnownFileType = sourcecode.swift; path = "_______UITests.swift"; sourceTree = "<group>"; };
		3927A49A2223989D00FE554C /* Info.plist */ = {isa = PBXFileReference; lastKnownFileType = text.plist.xml; path = Info.plist; sourceTree = "<group>"; };
		3927A4A72223C87100FE554C /* VideoRecord.swift */ = {isa = PBXFileReference; lastKnownFileType = sourcecode.swift; path = VideoRecord.swift; sourceTree = "<group>"; };
/* End PBXFileReference section */

/* Begin PBXFrameworksBuildPhase section */
		3927A4722223989B00FE554C /* Frameworks */ = {
			isa = PBXFrameworksBuildPhase;
			buildActionMask = 2147483647;
			files = (
			);
			runOnlyForDeploymentPostprocessing = 0;
		};
		3927A4862223989D00FE554C /* Frameworks */ = {
			isa = PBXFrameworksBuildPhase;
			buildActionMask = 2147483647;
			files = (
			);
			runOnlyForDeploymentPostprocessing = 0;
		};
		3927A4912223989D00FE554C /* Frameworks */ = {
			isa = PBXFrameworksBuildPhase;
			buildActionMask = 2147483647;
			files = (
			);
			runOnlyForDeploymentPostprocessing = 0;
		};
/* End PBXFrameworksBuildPhase section */

/* Begin PBXGroup section */
		3927A46C2223989B00FE554C = {
			isa = PBXGroup;
			children = (
				3927A4772223989B00FE554C /* 视频录制-学习 */,
				3927A48C2223989D00FE554C /* 视频录制-学习Tests */,
				3927A4972223989D00FE554C /* 视频录制-学习UITests */,
				3927A4762223989B00FE554C /* Products */,
			);
			sourceTree = "<group>";
		};
		3927A4762223989B00FE554C /* Products */ = {
			isa = PBXGroup;
			children = (
				3927A4752223989B00FE554C /* 视频录制-学习.app */,
				3927A4892223989D00FE554C /* 视频录制-学习Tests.xctest */,
				3927A4942223989D00FE554C /* 视频录制-学习UITests.xctest */,
			);
			name = Products;
			sourceTree = "<group>";
		};
		3927A4772223989B00FE554C /* 视频录制-学习 */ = {
			isa = PBXGroup;
			children = (
				3927A4A92223DBB000FE554C /* ScreenRecord */,
				3927A4A622239DE800FE554C /* VideoRecord */,
				3927A4782223989B00FE554C /* AppDelegate.swift */,
				3927A47A2223989B00FE554C /* ViewController.swift */,
				3927A47C2223989B00FE554C /* Main.storyboard */,
				3927A47F2223989D00FE554C /* Assets.xcassets */,
				3927A4812223989D00FE554C /* LaunchScreen.storyboard */,
				3927A4842223989D00FE554C /* Info.plist */,
			);
			path = "视频录制-学习";
			sourceTree = "<group>";
		};
		3927A48C2223989D00FE554C /* 视频录制-学习Tests */ = {
			isa = PBXGroup;
			children = (
				3927A48D2223989D00FE554C /* _______Tests.swift */,
				3927A48F2223989D00FE554C /* Info.plist */,
			);
			path = "视频录制-学习Tests";
			sourceTree = "<group>";
		};
		3927A4972223989D00FE554C /* 视频录制-学习UITests */ = {
			isa = PBXGroup;
			children = (
				3927A4982223989D00FE554C /* _______UITests.swift */,
				3927A49A2223989D00FE554C /* Info.plist */,
			);
			path = "视频录制-学习UITests";
			sourceTree = "<group>";
		};
		3927A4A622239DE800FE554C /* VideoRecord */ = {
			isa = PBXGroup;
			children = (
				3927A4A72223C87100FE554C /* VideoRecord.swift */,
			);
			path = VideoRecord;
			sourceTree = "<group>";
		};
		3927A4A92223DBB000FE554C /* ScreenRecord */ = {
			isa = PBXGroup;
			children = (
			);
			path = ScreenRecord;
			sourceTree = "<group>";
		};
/* End PBXGroup section */

/* Begin PBXNativeTarget section */
		3927A4742223989B00FE554C /* 视频录制-学习 */ = {
			isa = PBXNativeTarget;
			buildConfigurationList = 3927A49D2223989D00FE554C /* Build configuration list for PBXNativeTarget "视频录制-学习" */;
			buildPhases = (
				3927A4712223989B00FE554C /* Sources */,
				3927A4722223989B00FE554C /* Frameworks */,
				3927A4732223989B00FE554C /* Resources */,
			);
			buildRules = (
			);
			dependencies = (
			);
			name = "视频录制-学习";
			productName = "视频录制-学习";
			productReference = 3927A4752223989B00FE554C /* 视频录制-学习.app */;
			productType = "com.apple.product-type.application";
		};
		3927A4882223989D00FE554C /* 视频录制-学习Tests */ = {
			isa = PBXNativeTarget;
			buildConfigurationList = 3927A4A02223989D00FE554C /* Build configuration list for PBXNativeTarget "视频录制-学习Tests" */;
			buildPhases = (
				3927A4852223989D00FE554C /* Sources */,
				3927A4862223989D00FE554C /* Frameworks */,
				3927A4872223989D00FE554C /* Resources */,
			);
			buildRules = (
			);
			dependencies = (
				3927A48B2223989D00FE554C /* PBXTargetDependency */,
			);
			name = "视频录制-学习Tests";
			productName = "视频录制-学习Tests";
			productReference = 3927A4892223989D00FE554C /* 视频录制-学习Tests.xctest */;
			productType = "com.apple.product-type.bundle.unit-test";
		};
		3927A4932223989D00FE554C /* 视频录制-学习UITests */ = {
			isa = PBXNativeTarget;
			buildConfigurationList = 3927A4A32223989D00FE554C /* Build configuration list for PBXNativeTarget "视频录制-学习UITests" */;
			buildPhases = (
				3927A4902223989D00FE554C /* Sources */,
				3927A4912223989D00FE554C /* Frameworks */,
				3927A4922223989D00FE554C /* Resources */,
			);
			buildRules = (
			);
			dependencies = (
				3927A4962223989D00FE554C /* PBXTargetDependency */,
			);
			name = "视频录制-学习UITests";
			productName = "视频录制-学习UITests";
			productReference = 3927A4942223989D00FE554C /* 视频录制-学习UITests.xctest */;
			productType = "com.apple.product-type.bundle.ui-testing";
		};
/* End PBXNativeTarget section */

/* Begin PBXProject section */
		3927A46D2223989B00FE554C /* Project object */ = {
			isa = PBXProject;
			attributes = {
				LastSwiftUpdateCheck = 1000;
				LastUpgradeCheck = 1000;
				ORGANIZATIONNAME = "廖佩志";
				TargetAttributes = {
					3927A4742223989B00FE554C = {
						CreatedOnToolsVersion = 10.0;
					};
					3927A4882223989D00FE554C = {
						CreatedOnToolsVersion = 10.0;
						TestTargetID = 3927A4742223989B00FE554C;
					};
					3927A4932223989D00FE554C = {
						CreatedOnToolsVersion = 10.0;
						TestTargetID = 3927A4742223989B00FE554C;
					};
				};
			};
			buildConfigurationList = 3927A4702223989B00FE554C /* Build configuration list for PBXProject "视频录制-学习" */;
			compatibilityVersion = "Xcode 9.3";
			developmentRegion = en;
			hasScannedForEncodings = 0;
			knownRegions = (
				en,
				Base,
			);
			mainGroup = 3927A46C2223989B00FE554C;
			productRefGroup = 3927A4762223989B00FE554C /* Products */;
			projectDirPath = "";
			projectRoot = "";
			targets = (
				3927A4742223989B00FE554C /* 视频录制-学习 */,
				3927A4882223989D00FE554C /* 视频录制-学习Tests */,
				3927A4932223989D00FE554C /* 视频录制-学习UITests */,
			);
		};
/* End PBXProject section */

/* Begin PBXResourcesBuildPhase section */
		3927A4732223989B00FE554C /* Resources */ = {
			isa = PBXResourcesBuildPhase;
			buildActionMask = 2147483647;
			files = (
				3927A4832223989D00FE554C /* LaunchScreen.storyboard in Resources */,
				3927A4802223989D00FE554C /* Assets.xcassets in Resources */,
				3927A47E2223989B00FE554C /* Main.storyboard in Resources */,
			);
			runOnlyForDeploymentPostprocessing = 0;
		};
		3927A4872223989D00FE554C /* Resources */ = {
			isa = PBXResourcesBuildPhase;
			buildActionMask = 2147483647;
			files = (
			);
			runOnlyForDeploymentPostprocessing = 0;
		};
		3927A4922223989D00FE554C /* Resources */ = {
			isa = PBXResourcesBuildPhase;
			buildActionMask = 2147483647;
			files = (
			);
			runOnlyForDeploymentPostprocessing = 0;
		};
/* End PBXResourcesBuildPhase section */

/* Begin PBXSourcesBuildPhase section */
		3927A4712223989B00FE554C /* Sources */ = {
			isa = PBXSourcesBuildPhase;
			buildActionMask = 2147483647;
			files = (
				3927A47B2223989B00FE554C /* ViewController.swift in Sources */,
				3927A4792223989B00FE554C /* AppDelegate.swift in Sources */,
				3927A4A82223C87100FE554C /* VideoRecord.swift in Sources */,
			);
			runOnlyForDeploymentPostprocessing = 0;
		};
		3927A4852223989D00FE554C /* Sources */ = {
			isa = PBXSourcesBuildPhase;
			buildActionMask = 2147483647;
			files = (
				3927A48E2223989D00FE554C /* _______Tests.swift in Sources */,
			);
			runOnlyForDeploymentPostprocessing = 0;
		};
		3927A4902223989D00FE554C /* Sources */ = {
			isa = PBXSourcesBuildPhase;
			buildActionMask = 2147483647;
			files = (
				3927A4992223989D00FE554C /* _______UITests.swift in Sources */,
			);
			runOnlyForDeploymentPostprocessing = 0;
		};
/* End PBXSourcesBuildPhase section */

/* Begin PBXTargetDependency section */
		3927A48B2223989D00FE554C /* PBXTargetDependency */ = {
			isa = PBXTargetDependency;
			target = 3927A4742223989B00FE554C /* 视频录制-学习 */;
			targetProxy = 3927A48A2223989D00FE554C /* PBXContainerItemProxy */;
		};
		3927A4962223989D00FE554C /* PBXTargetDependency */ = {
			isa = PBXTargetDependency;
			target = 3927A4742223989B00FE554C /* 视频录制-学习 */;
			targetProxy = 3927A4952223989D00FE554C /* PBXContainerItemProxy */;
		};
/* End PBXTargetDependency section */

/* Begin PBXVariantGroup section */
		3927A47C2223989B00FE554C /* Main.storyboard */ = {
			isa = PBXVariantGroup;
			children = (
				3927A47D2223989B00FE554C /* Base */,
			);
			name = Main.storyboard;
			sourceTree = "<group>";
		};
		3927A4812223989D00FE554C /* LaunchScreen.storyboard */ = {
			isa = PBXVariantGroup;
			children = (
				3927A4822223989D00FE554C /* Base */,
			);
			name = LaunchScreen.storyboard;
			sourceTree = "<group>";
		};
/* End PBXVariantGroup section */

/* Begin XCBuildConfiguration section */
		3927A49B2223989D00FE554C /* Debug */ = {
			isa = XCBuildConfiguration;
			buildSettings = {
				ALWAYS_SEARCH_USER_PATHS = NO;
				CLANG_ANALYZER_NONNULL = YES;
				CLANG_ANALYZER_NUMBER_OBJECT_CONVERSION = YES_AGGRESSIVE;
				CLANG_CXX_LANGUAGE_STANDARD = "gnu++14";
				CLANG_CXX_LIBRARY = "libc++";
				CLANG_ENABLE_MODULES = YES;
				CLANG_ENABLE_OBJC_ARC = YES;
				CLANG_ENABLE_OBJC_WEAK = YES;
				CLANG_WARN_BLOCK_CAPTURE_AUTORELEASING = YES;
				CLANG_WARN_BOOL_CONVERSION = YES;
				CLANG_WARN_COMMA = YES;
				CLANG_WARN_CONSTANT_CONVERSION = YES;
				CLANG_WARN_DEPRECATED_OBJC_IMPLEMENTATIONS = YES;
				CLANG_WARN_DIRECT_OBJC_ISA_USAGE = YES_ERROR;
				CLANG_WARN_DOCUMENTATION_COMMENTS = YES;
				CLANG_WARN_EMPTY_BODY = YES;
				CLANG_WARN_ENUM_CONVERSION = YES;
				CLANG_WARN_INFINITE_RECURSION = YES;
				CLANG_WARN_INT_CONVERSION = YES;
				CLANG_WARN_NON_LITERAL_NULL_CONVERSION = YES;
				CLANG_WARN_OBJC_IMPLICIT_RETAIN_SELF = YES;
				CLANG_WARN_OBJC_LITERAL_CONVERSION = YES;
				CLANG_WARN_OBJC_ROOT_CLASS = YES_ERROR;
				CLANG_WARN_RANGE_LOOP_ANALYSIS = YES;
				CLANG_WARN_STRICT_PROTOTYPES = YES;
				CLANG_WARN_SUSPICIOUS_MOVE = YES;
				CLANG_WARN_UNGUARDED_AVAILABILITY = YES_AGGRESSIVE;
				CLANG_WARN_UNREACHABLE_CODE = YES;
				CLANG_WARN__DUPLICATE_METHOD_MATCH = YES;
				CODE_SIGN_IDENTITY = "iPhone Developer";
				COPY_PHASE_STRIP = NO;
				DEBUG_INFORMATION_FORMAT = dwarf;
				ENABLE_STRICT_OBJC_MSGSEND = YES;
				ENABLE_TESTABILITY = YES;
				GCC_C_LANGUAGE_STANDARD = gnu11;
				GCC_DYNAMIC_NO_PIC = NO;
				GCC_NO_COMMON_BLOCKS = YES;
				GCC_OPTIMIZATION_LEVEL = 0;
				GCC_PREPROCESSOR_DEFINITIONS = (
					"DEBUG=1",
					"$(inherited)",
				);
				GCC_WARN_64_TO_32_BIT_CONVERSION = YES;
				GCC_WARN_ABOUT_RETURN_TYPE = YES_ERROR;
				GCC_WARN_UNDECLARED_SELECTOR = YES;
				GCC_WARN_UNINITIALIZED_AUTOS = YES_AGGRESSIVE;
				GCC_WARN_UNUSED_FUNCTION = YES;
				GCC_WARN_UNUSED_VARIABLE = YES;
				IPHONEOS_DEPLOYMENT_TARGET = 12.0;
				MTL_ENABLE_DEBUG_INFO = INCLUDE_SOURCE;
				MTL_FAST_MATH = YES;
				ONLY_ACTIVE_ARCH = YES;
				SDKROOT = iphoneos;
				SWIFT_ACTIVE_COMPILATION_CONDITIONS = DEBUG;
				SWIFT_OPTIMIZATION_LEVEL = "-Onone";
			};
			name = Debug;
		};
		3927A49C2223989D00FE554C /* Release */ = {
			isa = XCBuildConfiguration;
			buildSettings = {
				ALWAYS_SEARCH_USER_PATHS = NO;
				CLANG_ANALYZER_NONNULL = YES;
				CLANG_ANALYZER_NUMBER_OBJECT_CONVERSION = YES_AGGRESSIVE;
				CLANG_CXX_LANGUAGE_STANDARD = "gnu++14";
				CLANG_CXX_LIBRARY = "libc++";
				CLANG_ENABLE_MODULES = YES;
				CLANG_ENABLE_OBJC_ARC = YES;
				CLANG_ENABLE_OBJC_WEAK = YES;
				CLANG_WARN_BLOCK_CAPTURE_AUTORELEASING = YES;
				CLANG_WARN_BOOL_CONVERSION = YES;
				CLANG_WARN_COMMA = YES;
				CLANG_WARN_CONSTANT_CONVERSION = YES;
				CLANG_WARN_DEPRECATED_OBJC_IMPLEMENTATIONS = YES;
				CLANG_WARN_DIRECT_OBJC_ISA_USAGE = YES_ERROR;
				CLANG_WARN_DOCUMENTATION_COMMENTS = YES;
				CLANG_WARN_EMPTY_BODY = YES;
				CLANG_WARN_ENUM_CONVERSION = YES;
				CLANG_WARN_INFINITE_RECURSION = YES;
				CLANG_WARN_INT_CONVERSION = YES;
				CLANG_WARN_NON_LITERAL_NULL_CONVERSION = YES;
				CLANG_WARN_OBJC_IMPLICIT_RETAIN_SELF = YES;
				CLANG_WARN_OBJC_LITERAL_CONVERSION = YES;
				CLANG_WARN_OBJC_ROOT_CLASS = YES_ERROR;
				CLANG_WARN_RANGE_LOOP_ANALYSIS = YES;
				CLANG_WARN_STRICT_PROTOTYPES = YES;
				CLANG_WARN_SUSPICIOUS_MOVE = YES;
				CLANG_WARN_UNGUARDED_AVAILABILITY = YES_AGGRESSIVE;
				CLANG_WARN_UNREACHABLE_CODE = YES;
				CLANG_WARN__DUPLICATE_METHOD_MATCH = YES;
				CODE_SIGN_IDENTITY = "iPhone Developer";
				COPY_PHASE_STRIP = NO;
				DEBUG_INFORMATION_FORMAT = "dwarf-with-dsym";
				ENABLE_NS_ASSERTIONS = NO;
				ENABLE_STRICT_OBJC_MSGSEND = YES;
				GCC_C_LANGUAGE_STANDARD = gnu11;
				GCC_NO_COMMON_BLOCKS = YES;
				GCC_WARN_64_TO_32_BIT_CONVERSION = YES;
				GCC_WARN_ABOUT_RETURN_TYPE = YES_ERROR;
				GCC_WARN_UNDECLARED_SELECTOR = YES;
				GCC_WARN_UNINITIALIZED_AUTOS = YES_AGGRESSIVE;
				GCC_WARN_UNUSED_FUNCTION = YES;
				GCC_WARN_UNUSED_VARIABLE = YES;
				IPHONEOS_DEPLOYMENT_TARGET = 12.0;
				MTL_ENABLE_DEBUG_INFO = NO;
				MTL_FAST_MATH = YES;
				SDKROOT = iphoneos;
				SWIFT_COMPILATION_MODE = wholemodule;
				SWIFT_OPTIMIZATION_LEVEL = "-O";
				VALIDATE_PRODUCT = YES;
			};
			name = Release;
		};
		3927A49E2223989D00FE554C /* Debug */ = {
			isa = XCBuildConfiguration;
			buildSettings = {
				ASSETCATALOG_COMPILER_APPICON_NAME = AppIcon;
				CODE_SIGN_STYLE = Automatic;
				DEVELOPMENT_TEAM = 947Y58Z74K;
				INFOPLIST_FILE = "视频录制-学习/Info.plist";
				LD_RUNPATH_SEARCH_PATHS = (
					"$(inherited)",
					"@executable_path/Frameworks",
				);
				PRODUCT_BUNDLE_IDENTIFIER = "lpz.code.-------";
				PRODUCT_NAME = "$(TARGET_NAME)";
				SWIFT_VERSION = 4.0;
				TARGETED_DEVICE_FAMILY = "1,2";
			};
			name = Debug;
		};
		3927A49F2223989D00FE554C /* Release */ = {
			isa = XCBuildConfiguration;
			buildSettings = {
				ASSETCATALOG_COMPILER_APPICON_NAME = AppIcon;
				CODE_SIGN_STYLE = Automatic;
				DEVELOPMENT_TEAM = 947Y58Z74K;
				INFOPLIST_FILE = "视频录制-学习/Info.plist";
				LD_RUNPATH_SEARCH_PATHS = (
					"$(inherited)",
					"@executable_path/Frameworks",
				);
				PRODUCT_BUNDLE_IDENTIFIER = "lpz.code.-------";
				PRODUCT_NAME = "$(TARGET_NAME)";
				SWIFT_VERSION = 4.0;
				TARGETED_DEVICE_FAMILY = "1,2";
			};
			name = Release;
		};
		3927A4A12223989D00FE554C /* Debug */ = {
			isa = XCBuildConfiguration;
			buildSettings = {
				ALWAYS_EMBED_SWIFT_STANDARD_LIBRARIES = YES;
				BUNDLE_LOADER = "$(TEST_HOST)";
				CODE_SIGN_STYLE = Automatic;
				DEVELOPMENT_TEAM = 947Y58Z74K;
				INFOPLIST_FILE = "视频录制-学习Tests/Info.plist";
				LD_RUNPATH_SEARCH_PATHS = (
					"$(inherited)",
					"@executable_path/Frameworks",
					"@loader_path/Frameworks",
				);
				PRODUCT_BUNDLE_IDENTIFIER = "lpz.code.-------Tests";
				PRODUCT_NAME = "$(TARGET_NAME)";
				SWIFT_VERSION = 4.2;
				TARGETED_DEVICE_FAMILY = "1,2";
				TEST_HOST = "$(BUILT_PRODUCTS_DIR)/视频录制-学习.app/视频录制-学习";
			};
			name = Debug;
		};
		3927A4A22223989D00FE554C /* Release */ = {
			isa = XCBuildConfiguration;
			buildSettings = {
				ALWAYS_EMBED_SWIFT_STANDARD_LIBRARIES = YES;
				BUNDLE_LOADER = "$(TEST_HOST)";
				CODE_SIGN_STYLE = Automatic;
				DEVELOPMENT_TEAM = 947Y58Z74K;
				INFOPLIST_FILE = "视频录制-学习Tests/Info.plist";
				LD_RUNPATH_SEARCH_PATHS = (
					"$(inherited)",
					"@executable_path/Frameworks",
					"@loader_path/Frameworks",
				);
				PRODUCT_BUNDLE_IDENTIFIER = "lpz.code.-------Tests";
				PRODUCT_NAME = "$(TARGET_NAME)";
				SWIFT_VERSION = 4.2;
				TARGETED_DEVICE_FAMILY = "1,2";
				TEST_HOST = "$(BUILT_PRODUCTS_DIR)/视频录制-学习.app/视频录制-学习";
			};
			name = Release;
		};
		3927A4A42223989D00FE554C /* Debug */ = {
			isa = XCBuildConfiguration;
			buildSettings = {
				ALWAYS_EMBED_SWIFT_STANDARD_LIBRARIES = YES;
				CODE_SIGN_STYLE = Automatic;
				DEVELOPMENT_TEAM = 947Y58Z74K;
				INFOPLIST_FILE = "视频录制-学习UITests/Info.plist";
				LD_RUNPATH_SEARCH_PATHS = (
					"$(inherited)",
					"@executable_path/Frameworks",
					"@loader_path/Frameworks",
				);
				PRODUCT_BUNDLE_IDENTIFIER = "lpz.code.-------UITests";
				PRODUCT_NAME = "$(TARGET_NAME)";
				SWIFT_VERSION = 4.2;
				TARGETED_DEVICE_FAMILY = "1,2";
				TEST_TARGET_NAME = "视频录制-学习";
			};
			name = Debug;
		};
		3927A4A52223989D00FE554C /* Release */ = {
			isa = XCBuildConfiguration;
			buildSettings = {
				ALWAYS_EMBED_SWIFT_STANDARD_LIBRARIES = YES;
				CODE_SIGN_STYLE = Automatic;
				DEVELOPMENT_TEAM = 947Y58Z74K;
				INFOPLIST_FILE = "视频录制-学习UITests/Info.plist";
				LD_RUNPATH_SEARCH_PATHS = (
					"$(inherited)",
					"@executable_path/Frameworks",
					"@loader_path/Frameworks",
				);
				PRODUCT_BUNDLE_IDENTIFIER = "lpz.code.-------UITests";
				PRODUCT_NAME = "$(TARGET_NAME)";
				SWIFT_VERSION = 4.2;
				TARGETED_DEVICE_FAMILY = "1,2";
				TEST_TARGET_NAME = "视频录制-学习";
			};
			name = Release;
		};
/* End XCBuildConfiguration section */

/* Begin XCConfigurationList section */
		3927A4702223989B00FE554C /* Build configuration list for PBXProject "视频录制-学习" */ = {
			isa = XCConfigurationList;
			buildConfigurations = (
				3927A49B2223989D00FE554C /* Debug */,
				3927A49C2223989D00FE554C /* Release */,
			);
			defaultConfigurationIsVisible = 0;
			defaultConfigurationName = Release;
		};
		3927A49D2223989D00FE554C /* Build configuration list for PBXNativeTarget "视频录制-学习" */ = {
			isa = XCConfigurationList;
			buildConfigurations = (
				3927A49E2223989D00FE554C /* Debug */,
				3927A49F2223989D00FE554C /* Release */,
			);
			defaultConfigurationIsVisible = 0;
			defaultConfigurationName = Release;
		};
		3927A4A02223989D00FE554C /* Build configuration list for PBXNativeTarget "视频录制-学习Tests" */ = {
			isa = XCConfigurationList;
			buildConfigurations = (
				3927A4A12223989D00FE554C /* Debug */,
				3927A4A22223989D00FE554C /* Release */,
			);
			defaultConfigurationIsVisible = 0;
			defaultConfigurationName = Release;
		};
		3927A4A32223989D00FE554C /* Build configuration list for PBXNativeTarget "视频录制-学习UITests" */ = {
			isa = XCConfigurationList;
			buildConfigurations = (
				3927A4A42223989D00FE554C /* Debug */,
				3927A4A52223989D00FE554C /* Release */,
			);
			defaultConfigurationIsVisible = 0;
			defaultConfigurationName = Release;
		};
/* End XCConfigurationList section */
	};
	rootObject = 3927A46D2223989B00FE554C /* Project object */;
}
