// !$*UTF8*$!
{
	archiveVersion = 1;
	classes = {
	};
	objectVersion = 50;
	objects = {

/* Begin PBXBuildFile section */
		396BB3A223714C690074461B /* AppDelegate.swift in Sources */ = {isa = PBXBuildFile; fileRef = 396BB3A123714C690074461B /* AppDelegate.swift */; };
		396BB3A423714C690074461B /* SceneDelegate.swift in Sources */ = {isa = PBXBuildFile; fileRef = 396BB3A323714C690074461B /* SceneDelegate.swift */; };
		396BB3A623714C690074461B /* ContentView.swift in Sources */ = {isa = PBXBuildFile; fileRef = 396BB3A523714C690074461B /* ContentView.swift */; };
		396BB3A823714C6C0074461B /* Assets.xcassets in Resources */ = {isa = PBXBuildFile; fileRef = 396BB3A723714C6C0074461B /* Assets.xcassets */; };
		396BB3AB23714C6C0074461B /* Preview Assets.xcassets in Resources */ = {isa = PBXBuildFile; fileRef = 396BB3AA23714C6C0074461B /* Preview Assets.xcassets */; };
		396BB3AE23714C6C0074461B /* LaunchScreen.storyboard in Resources */ = {isa = PBXBuildFile; fileRef = 396BB3AC23714C6C0074461B /* LaunchScreen.storyboard */; };
/* End PBXBuildFile section */

/* Begin PBXFileReference section */
		396BB39E23714C690074461B /* Sign in with Apple.app */ = {isa = PBXFileReference; explicitFileType = wrapper.application; includeInIndex = 0; path = "Sign in with Apple.app"; sourceTree = BUILT_PRODUCTS_DIR; };
		396BB3A123714C690074461B /* AppDelegate.swift */ = {isa = PBXFileReference; lastKnownFileType = sourcecode.swift; path = AppDelegate.swift; sourceTree = "<group>"; };
		396BB3A323714C690074461B /* SceneDelegate.swift */ = {isa = PBXFileReference; lastKnownFileType = sourcecode.swift; path = SceneDelegate.swift; sourceTree = "<group>"; };
		396BB3A523714C690074461B /* ContentView.swift */ = {isa = PBXFileReference; lastKnownFileType = sourcecode.swift; path = ContentView.swift; sourceTree = "<group>"; };
		396BB3A723714C6C0074461B /* Assets.xcassets */ = {isa = PBXFileReference; lastKnownFileType = folder.assetcatalog; path = Assets.xcassets; sourceTree = "<group>"; };
		396BB3AA23714C6C0074461B /* Preview Assets.xcassets */ = {isa = PBXFileReference; lastKnownFileType = folder.assetcatalog; path = "Preview Assets.xcassets"; sourceTree = "<group>"; };
		396BB3AD23714C6C0074461B /* Base */ = {isa = PBXFileReference; lastKnownFileType = file.storyboard; name = Base; path = Base.lproj/LaunchScreen.storyboard; sourceTree = "<group>"; };
		396BB3AF23714C6C0074461B /* Info.plist */ = {isa = PBXFileReference; lastKnownFileType = text.plist.xml; path = Info.plist; sourceTree = "<group>"; };
/* End PBXFileReference section */

/* Begin PBXFrameworksBuildPhase section */
		396BB39B23714C690074461B /* Frameworks */ = {
			isa = PBXFrameworksBuildPhase;
			buildActionMask = 2147483647;
			files = (
			);
			runOnlyForDeploymentPostprocessing = 0;
		};
/* End PBXFrameworksBuildPhase section */

/* Begin PBXGroup section */
		396BB39523714C690074461B = {
			isa = PBXGroup;
			children = (
				396BB3A023714C690074461B /* Sign in with Apple */,
				396BB39F23714C690074461B /* Products */,
			);
			sourceTree = "<group>";
		};
		396BB39F23714C690074461B /* Products */ = {
			isa = PBXGroup;
			children = (
				396BB39E23714C690074461B /* Sign in with Apple.app */,
			);
			name = Products;
			sourceTree = "<group>";
		};
		396BB3A023714C690074461B /* Sign in with Apple */ = {
			isa = PBXGroup;
			children = (
				396BB3A123714C690074461B /* AppDelegate.swift */,
				396BB3A323714C690074461B /* SceneDelegate.swift */,
				396BB3A523714C690074461B /* ContentView.swift */,
				396BB3A723714C6C0074461B /* Assets.xcassets */,
				396BB3AC23714C6C0074461B /* LaunchScreen.storyboard */,
				396BB3AF23714C6C0074461B /* Info.plist */,
				396BB3A923714C6C0074461B /* Preview Content */,
			);
			path = "Sign in with Apple";
			sourceTree = "<group>";
		};
		396BB3A923714C6C0074461B /* Preview Content */ = {
			isa = PBXGroup;
			children = (
				396BB3AA23714C6C0074461B /* Preview Assets.xcassets */,
			);
			path = "Preview Content";
			sourceTree = "<group>";
		};
/* End PBXGroup section */

/* Begin PBXNativeTarget section */
		396BB39D23714C690074461B /* Sign in with Apple */ = {
			isa = PBXNativeTarget;
			buildConfigurationList = 396BB3B223714C6C0074461B /* Build configuration list for PBXNativeTarget "Sign in with Apple" */;
			buildPhases = (
				396BB39A23714C690074461B /* Sources */,
				396BB39B23714C690074461B /* Frameworks */,
				396BB39C23714C690074461B /* Resources */,
			);
			buildRules = (
			);
			dependencies = (
			);
			name = "Sign in with Apple";
			productName = "Sign in with Apple";
			productReference = 396BB39E23714C690074461B /* Sign in with Apple.app */;
			productType = "com.apple.product-type.application";
		};
/* End PBXNativeTarget section */

/* Begin PBXProject section */
		396BB39623714C690074461B /* Project object */ = {
			isa = PBXProject;
			attributes = {
				LastSwiftUpdateCheck = 1120;
				LastUpgradeCheck = 1120;
				ORGANIZATIONNAME = "廖佩志";
				TargetAttributes = {
					396BB39D23714C690074461B = {
						CreatedOnToolsVersion = 11.2;
					};
				};
			};
			buildConfigurationList = 396BB39923714C690074461B /* Build configuration list for PBXProject "Sign in with Apple" */;
			compatibilityVersion = "Xcode 9.3";
			developmentRegion = en;
			hasScannedForEncodings = 0;
			knownRegions = (
				en,
				Base,
			);
			mainGroup = 396BB39523714C690074461B;
			productRefGroup = 396BB39F23714C690074461B /* Products */;
			projectDirPath = "";
			projectRoot = "";
			targets = (
				396BB39D23714C690074461B /* Sign in with Apple */,
			);
		};
/* End PBXProject section */

/* Begin PBXResourcesBuildPhase section */
		396BB39C23714C690074461B /* Resources */ = {
			isa = PBXResourcesBuildPhase;
			buildActionMask = 2147483647;
			files = (
				396BB3AE23714C6C0074461B /* LaunchScreen.storyboard in Resources */,
				396BB3AB23714C6C0074461B /* Preview Assets.xcassets in Resources */,
				396BB3A823714C6C0074461B /* Assets.xcassets in Resources */,
			);
			runOnlyForDeploymentPostprocessing = 0;
		};
/* End PBXResourcesBuildPhase section */

/* Begin PBXSourcesBuildPhase section */
		396BB39A23714C690074461B /* Sources */ = {
			isa = PBXSourcesBuildPhase;
			buildActionMask = 2147483647;
			files = (
				396BB3A223714C690074461B /* AppDelegate.swift in Sources */,
				396BB3A423714C690074461B /* SceneDelegate.swift in Sources */,
				396BB3A623714C690074461B /* ContentView.swift in Sources */,
			);
			runOnlyForDeploymentPostprocessing = 0;
		};
/* End PBXSourcesBuildPhase section */

/* Begin PBXVariantGroup section */
		396BB3AC23714C6C0074461B /* LaunchScreen.storyboard */ = {
			isa = PBXVariantGroup;
			children = (
				396BB3AD23714C6C0074461B /* Base */,
			);
			name = LaunchScreen.storyboard;
			sourceTree = "<group>";
		};
/* End PBXVariantGroup section */

/* Begin XCBuildConfiguration section */
		396BB3B023714C6C0074461B /* Debug */ = {
			isa = XCBuildConfiguration;
			buildSettings = {
				ALWAYS_SEARCH_USER_PATHS = NO;
				CLANG_ANALYZER_NONNULL = YES;
				CLANG_ANALYZER_NUMBER_OBJECT_CONVERSION = YES_AGGRESSIVE;
				CLANG_CXX_LANGUAGE_STANDARD = "gnu++14";
				CLANG_CXX_LIBRARY = "libc++";
				CLANG_ENABLE_MODULES = YES;
				CLANG_ENABLE_OBJC_ARC = YES;
				CLANG_ENABLE_OBJC_WEAK = YES;
				CLANG_WARN_BLOCK_CAPTURE_AUTORELEASING = YES;
				CLANG_WARN_BOOL_CONVERSION = YES;
				CLANG_WARN_COMMA = YES;
				CLANG_WARN_CONSTANT_CONVERSION = YES;
				CLANG_WARN_DEPRECATED_OBJC_IMPLEMENTATIONS = YES;
				CLANG_WARN_DIRECT_OBJC_ISA_USAGE = YES_ERROR;
				CLANG_WARN_DOCUMENTATION_COMMENTS = YES;
				CLANG_WARN_EMPTY_BODY = YES;
				CLANG_WARN_ENUM_CONVERSION = YES;
				CLANG_WARN_INFINITE_RECURSION = YES;
				CLANG_WARN_INT_CONVERSION = YES;
				CLANG_WARN_NON_LITERAL_NULL_CONVERSION = YES;
				CLANG_WARN_OBJC_IMPLICIT_RETAIN_SELF = YES;
				CLANG_WARN_OBJC_LITERAL_CONVERSION = YES;
				CLANG_WARN_OBJC_ROOT_CLASS = YES_ERROR;
				CLANG_WARN_RANGE_LOOP_ANALYSIS = YES;
				CLANG_WARN_STRICT_PROTOTYPES = YES;
				CLANG_WARN_SUSPICIOUS_MOVE = YES;
				CLANG_WARN_UNGUARDED_AVAILABILITY = YES_AGGRESSIVE;
				CLANG_WARN_UNREACHABLE_CODE = YES;
				CLANG_WARN__DUPLICATE_METHOD_MATCH = YES;
				COPY_PHASE_STRIP = NO;
				DEBUG_INFORMATION_FORMAT = dwarf;
				ENABLE_STRICT_OBJC_MSGSEND = YES;
				ENABLE_TESTABILITY = YES;
				GCC_C_LANGUAGE_STANDARD = gnu11;
				GCC_DYNAMIC_NO_PIC = NO;
				GCC_NO_COMMON_BLOCKS = YES;
				GCC_OPTIMIZATION_LEVEL = 0;
				GCC_PREPROCESSOR_DEFINITIONS = (
					"DEBUG=1",
					"$(inherited)",
				);
				GCC_WARN_64_TO_32_BIT_CONVERSION = YES;
				GCC_WARN_ABOUT_RETURN_TYPE = YES_ERROR;
				GCC_WARN_UNDECLARED_SELECTOR = YES;
				GCC_WARN_UNINITIALIZED_AUTOS = YES_AGGRESSIVE;
				GCC_WARN_UNUSED_FUNCTION = YES;
				GCC_WARN_UNUSED_VARIABLE = YES;
				IPHONEOS_DEPLOYMENT_TARGET = 13.2;
				MTL_ENABLE_DEBUG_INFO = INCLUDE_SOURCE;
				MTL_FAST_MATH = YES;
				ONLY_ACTIVE_ARCH = YES;
				SDKROOT = iphoneos;
				SWIFT_ACTIVE_COMPILATION_CONDITIONS = DEBUG;
				SWIFT_OPTIMIZATION_LEVEL = "-Onone";
			};
			name = Debug;
		};
		396BB3B123714C6C0074461B /* Release */ = {
			isa = XCBuildConfiguration;
			buildSettings = {
				ALWAYS_SEARCH_USER_PATHS = NO;
				CLANG_ANALYZER_NONNULL = YES;
				CLANG_ANALYZER_NUMBER_OBJECT_CONVERSION = YES_AGGRESSIVE;
				CLANG_CXX_LANGUAGE_STANDARD = "gnu++14";
				CLANG_CXX_LIBRARY = "libc++";
				CLANG_ENABLE_MODULES = YES;
				CLANG_ENABLE_OBJC_ARC = YES;
				CLANG_ENABLE_OBJC_WEAK = YES;
				CLANG_WARN_BLOCK_CAPTURE_AUTORELEASING = YES;
				CLANG_WARN_BOOL_CONVERSION = YES;
				CLANG_WARN_COMMA = YES;
				CLANG_WARN_CONSTANT_CONVERSION = YES;
				CLANG_WARN_DEPRECATED_OBJC_IMPLEMENTATIONS = YES;
				CLANG_WARN_DIRECT_OBJC_ISA_USAGE = YES_ERROR;
				CLANG_WARN_DOCUMENTATION_COMMENTS = YES;
				CLANG_WARN_EMPTY_BODY = YES;
				CLANG_WARN_ENUM_CONVERSION = YES;
				CLANG_WARN_INFINITE_RECURSION = YES;
				CLANG_WARN_INT_CONVERSION = YES;
				CLANG_WARN_NON_LITERAL_NULL_CONVERSION = YES;
				CLANG_WARN_OBJC_IMPLICIT_RETAIN_SELF = YES;
				CLANG_WARN_OBJC_LITERAL_CONVERSION = YES;
				CLANG_WARN_OBJC_ROOT_CLASS = YES_ERROR;
				CLANG_WARN_RANGE_LOOP_ANALYSIS = YES;
				CLANG_WARN_STRICT_PROTOTYPES = YES;
				CLANG_WARN_SUSPICIOUS_MOVE = YES;
				CLANG_WARN_UNGUARDED_AVAILABILITY = YES_AGGRESSIVE;
				CLANG_WARN_UNREACHABLE_CODE = YES;
				CLANG_WARN__DUPLICATE_METHOD_MATCH = YES;
				COPY_PHASE_STRIP = NO;
				DEBUG_INFORMATION_FORMAT = "dwarf-with-dsym";
				ENABLE_NS_ASSERTIONS = NO;
				ENABLE_STRICT_OBJC_MSGSEND = YES;
				GCC_C_LANGUAGE_STANDARD = gnu11;
				GCC_NO_COMMON_BLOCKS = YES;
				GCC_WARN_64_TO_32_BIT_CONVERSION = YES;
				GCC_WARN_ABOUT_RETURN_TYPE = YES_ERROR;
				GCC_WARN_UNDECLARED_SELECTOR = YES;
				GCC_WARN_UNINITIALIZED_AUTOS = YES_AGGRESSIVE;
				GCC_WARN_UNUSED_FUNCTION = YES;
				GCC_WARN_UNUSED_VARIABLE = YES;
				IPHONEOS_DEPLOYMENT_TARGET = 13.2;
				MTL_ENABLE_DEBUG_INFO = NO;
				MTL_FAST_MATH = YES;
				SDKROOT = iphoneos;
				SWIFT_COMPILATION_MODE = wholemodule;
				SWIFT_OPTIMIZATION_LEVEL = "-O";
				VALIDATE_PRODUCT = YES;
			};
			name = Release;
		};
		396BB3B323714C6C0074461B /* Debug */ = {
			isa = XCBuildConfiguration;
			buildSettings = {
				ASSETCATALOG_COMPILER_APPICON_NAME = AppIcon;
				CODE_SIGN_STYLE = Automatic;
				DEVELOPMENT_ASSET_PATHS = "\"Sign in with Apple/Preview Content\"";
				DEVELOPMENT_TEAM = 947Y58Z74K;
				ENABLE_PREVIEWS = YES;
				INFOPLIST_FILE = "Sign in with Apple/Info.plist";
				LD_RUNPATH_SEARCH_PATHS = (
					"$(inherited)",
					"@executable_path/Frameworks",
				);
				PRODUCT_BUNDLE_IDENTIFIER = "lpz.code.Sign-in-with-Apple";
				PRODUCT_NAME = "$(TARGET_NAME)";
				SWIFT_VERSION = 5.0;
				TARGETED_DEVICE_FAMILY = "1,2";
			};
			name = Debug;
		};
		396BB3B423714C6C0074461B /* Release */ = {
			isa = XCBuildConfiguration;
			buildSettings = {
				ASSETCATALOG_COMPILER_APPICON_NAME = AppIcon;
				CODE_SIGN_STYLE = Automatic;
				DEVELOPMENT_ASSET_PATHS = "\"Sign in with Apple/Preview Content\"";
				DEVELOPMENT_TEAM = 947Y58Z74K;
				ENABLE_PREVIEWS = YES;
				INFOPLIST_FILE = "Sign in with Apple/Info.plist";
				LD_RUNPATH_SEARCH_PATHS = (
					"$(inherited)",
					"@executable_path/Frameworks",
				);
				PRODUCT_BUNDLE_IDENTIFIER = "lpz.code.Sign-in-with-Apple";
				PRODUCT_NAME = "$(TARGET_NAME)";
				SWIFT_VERSION = 5.0;
				TARGETED_DEVICE_FAMILY = "1,2";
			};
			name = Release;
		};
/* End XCBuildConfiguration section */

/* Begin XCConfigurationList section */
		396BB39923714C690074461B /* Build configuration list for PBXProject "Sign in with Apple" */ = {
			isa = XCConfigurationList;
			buildConfigurations = (
				396BB3B023714C6C0074461B /* Debug */,
				396BB3B123714C6C0074461B /* Release */,
			);
			defaultConfigurationIsVisible = 0;
			defaultConfigurationName = Release;
		};
		396BB3B223714C6C0074461B /* Build configuration list for PBXNativeTarget "Sign in with Apple" */ = {
			isa = XCConfigurationList;
			buildConfigurations = (
				396BB3B323714C6C0074461B /* Debug */,
				396BB3B423714C6C0074461B /* Release */,
			);
			defaultConfigurationIsVisible = 0;
			defaultConfigurationName = Release;
		};
/* End XCConfigurationList section */
	};
	rootObject = 396BB39623714C690074461B /* Project object */;
}
