// !$*UTF8*$!
{
	archiveVersion = 1;
	classes = {
	};
	objectVersion = 48;
	objects = {

/* Begin PBXBuildFile section */
		39922F95213FADAA00D812D6 /* AppDelegate.swift in Sources */ = {isa = PBXBuildFile; fileRef = 39922F94213FADAA00D812D6 /* AppDelegate.swift */; };
		39922F97213FADAA00D812D6 /* ViewController.swift in Sources */ = {isa = PBXBuildFile; fileRef = 39922F96213FADAA00D812D6 /* ViewController.swift */; };
		39922F9A213FADAA00D812D6 /* Main.storyboard in Resources */ = {isa = PBXBuildFile; fileRef = 39922F98213FADAA00D812D6 /* Main.storyboard */; };
		39922F9C213FADAA00D812D6 /* Assets.xcassets in Resources */ = {isa = PBXBuildFile; fileRef = 39922F9B213FADAA00D812D6 /* Assets.xcassets */; };
		39922F9F213FADAA00D812D6 /* LaunchScreen.storyboard in Resources */ = {isa = PBXBuildFile; fileRef = 39922F9D213FADAA00D812D6 /* LaunchScreen.storyboard */; };
		39922FAA213FADAA00D812D6 /* ScrollView__Tests.swift in Sources */ = {isa = PBXBuildFile; fileRef = 39922FA9213FADAA00D812D6 /* ScrollView__Tests.swift */; };
		39922FB5213FADAA00D812D6 /* ScrollView__UITests.swift in Sources */ = {isa = PBXBuildFile; fileRef = 39922FB4213FADAA00D812D6 /* ScrollView__UITests.swift */; };
		39922FC5213FF18300D812D6 /* PSScrollView.m in Sources */ = {isa = PBXBuildFile; fileRef = 39922FC4213FF18300D812D6 /* PSScrollView.m */; };
		39922FC8213FF1F900D812D6 /* PSViewController.m in Sources */ = {isa = PBXBuildFile; fileRef = 39922FC7213FF1F900D812D6 /* PSViewController.m */; };
/* End PBXBuildFile section */

/* Begin PBXContainerItemProxy section */
		39922FA6213FADAA00D812D6 /* PBXContainerItemProxy */ = {
			isa = PBXContainerItemProxy;
			containerPortal = 39922F89213FADAA00D812D6 /* Project object */;
			proxyType = 1;
			remoteGlobalIDString = 39922F90213FADAA00D812D6;
			remoteInfo = "ScrollView嵌套";
		};
		39922FB1213FADAA00D812D6 /* PBXContainerItemProxy */ = {
			isa = PBXContainerItemProxy;
			containerPortal = 39922F89213FADAA00D812D6 /* Project object */;
			proxyType = 1;
			remoteGlobalIDString = 39922F90213FADAA00D812D6;
			remoteInfo = "ScrollView嵌套";
		};
/* End PBXContainerItemProxy section */

/* Begin PBXFileReference section */
		39922F91213FADAA00D812D6 /* ScrollView嵌套.app */ = {isa = PBXFileReference; explicitFileType = wrapper.application; includeInIndex = 0; path = "ScrollView嵌套.app"; sourceTree = BUILT_PRODUCTS_DIR; };
		39922F94213FADAA00D812D6 /* AppDelegate.swift */ = {isa = PBXFileReference; lastKnownFileType = sourcecode.swift; path = AppDelegate.swift; sourceTree = "<group>"; };
		39922F96213FADAA00D812D6 /* ViewController.swift */ = {isa = PBXFileReference; lastKnownFileType = sourcecode.swift; path = ViewController.swift; sourceTree = "<group>"; };
		39922F99213FADAA00D812D6 /* Base */ = {isa = PBXFileReference; lastKnownFileType = file.storyboard; name = Base; path = Base.lproj/Main.storyboard; sourceTree = "<group>"; };
		39922F9B213FADAA00D812D6 /* Assets.xcassets */ = {isa = PBXFileReference; lastKnownFileType = folder.assetcatalog; path = Assets.xcassets; sourceTree = "<group>"; };
		39922F9E213FADAA00D812D6 /* Base */ = {isa = PBXFileReference; lastKnownFileType = file.storyboard; name = Base; path = Base.lproj/LaunchScreen.storyboard; sourceTree = "<group>"; };
		39922FA0213FADAA00D812D6 /* Info.plist */ = {isa = PBXFileReference; lastKnownFileType = text.plist.xml; path = Info.plist; sourceTree = "<group>"; };
		39922FA5213FADAA00D812D6 /* ScrollView嵌套Tests.xctest */ = {isa = PBXFileReference; explicitFileType = wrapper.cfbundle; includeInIndex = 0; path = "ScrollView嵌套Tests.xctest"; sourceTree = BUILT_PRODUCTS_DIR; };
		39922FA9213FADAA00D812D6 /* ScrollView__Tests.swift */ = {isa = PBXFileReference; lastKnownFileType = sourcecode.swift; path = ScrollView__Tests.swift; sourceTree = "<group>"; };
		39922FAB213FADAA00D812D6 /* Info.plist */ = {isa = PBXFileReference; lastKnownFileType = text.plist.xml; path = Info.plist; sourceTree = "<group>"; };
		39922FB0213FADAA00D812D6 /* ScrollView嵌套UITests.xctest */ = {isa = PBXFileReference; explicitFileType = wrapper.cfbundle; includeInIndex = 0; path = "ScrollView嵌套UITests.xctest"; sourceTree = BUILT_PRODUCTS_DIR; };
		39922FB4213FADAA00D812D6 /* ScrollView__UITests.swift */ = {isa = PBXFileReference; lastKnownFileType = sourcecode.swift; path = ScrollView__UITests.swift; sourceTree = "<group>"; };
		39922FB6213FADAA00D812D6 /* Info.plist */ = {isa = PBXFileReference; lastKnownFileType = text.plist.xml; path = Info.plist; sourceTree = "<group>"; };
		39922FC2213FF18300D812D6 /* ScrollView嵌套-Bridging-Header.h */ = {isa = PBXFileReference; lastKnownFileType = sourcecode.c.h; path = "ScrollView嵌套-Bridging-Header.h"; sourceTree = "<group>"; };
		39922FC3213FF18300D812D6 /* PSScrollView.h */ = {isa = PBXFileReference; lastKnownFileType = sourcecode.c.h; path = PSScrollView.h; sourceTree = "<group>"; };
		39922FC4213FF18300D812D6 /* PSScrollView.m */ = {isa = PBXFileReference; lastKnownFileType = sourcecode.c.objc; path = PSScrollView.m; sourceTree = "<group>"; };
		39922FC6213FF1F900D812D6 /* PSViewController.h */ = {isa = PBXFileReference; lastKnownFileType = sourcecode.c.h; path = PSViewController.h; sourceTree = "<group>"; };
		39922FC7213FF1F900D812D6 /* PSViewController.m */ = {isa = PBXFileReference; lastKnownFileType = sourcecode.c.objc; path = PSViewController.m; sourceTree = "<group>"; };
/* End PBXFileReference section */

/* Begin PBXFrameworksBuildPhase section */
		39922F8E213FADAA00D812D6 /* Frameworks */ = {
			isa = PBXFrameworksBuildPhase;
			buildActionMask = 2147483647;
			files = (
			);
			runOnlyForDeploymentPostprocessing = 0;
		};
		39922FA2213FADAA00D812D6 /* Frameworks */ = {
			isa = PBXFrameworksBuildPhase;
			buildActionMask = 2147483647;
			files = (
			);
			runOnlyForDeploymentPostprocessing = 0;
		};
		39922FAD213FADAA00D812D6 /* Frameworks */ = {
			isa = PBXFrameworksBuildPhase;
			buildActionMask = 2147483647;
			files = (
			);
			runOnlyForDeploymentPostprocessing = 0;
		};
/* End PBXFrameworksBuildPhase section */

/* Begin PBXGroup section */
		39922F88213FADAA00D812D6 = {
			isa = PBXGroup;
			children = (
				39922F93213FADAA00D812D6 /* ScrollView嵌套 */,
				39922FA8213FADAA00D812D6 /* ScrollView嵌套Tests */,
				39922FB3213FADAA00D812D6 /* ScrollView嵌套UITests */,
				39922F92213FADAA00D812D6 /* Products */,
			);
			sourceTree = "<group>";
		};
		39922F92213FADAA00D812D6 /* Products */ = {
			isa = PBXGroup;
			children = (
				39922F91213FADAA00D812D6 /* ScrollView嵌套.app */,
				39922FA5213FADAA00D812D6 /* ScrollView嵌套Tests.xctest */,
				39922FB0213FADAA00D812D6 /* ScrollView嵌套UITests.xctest */,
			);
			name = Products;
			sourceTree = "<group>";
		};
		39922F93213FADAA00D812D6 /* ScrollView嵌套 */ = {
			isa = PBXGroup;
			children = (
				39922F94213FADAA00D812D6 /* AppDelegate.swift */,
				39922F96213FADAA00D812D6 /* ViewController.swift */,
				39922F98213FADAA00D812D6 /* Main.storyboard */,
				39922F9B213FADAA00D812D6 /* Assets.xcassets */,
				39922F9D213FADAA00D812D6 /* LaunchScreen.storyboard */,
				39922FA0213FADAA00D812D6 /* Info.plist */,
				39922FC3213FF18300D812D6 /* PSScrollView.h */,
				39922FC4213FF18300D812D6 /* PSScrollView.m */,
				39922FC2213FF18300D812D6 /* ScrollView嵌套-Bridging-Header.h */,
				39922FC6213FF1F900D812D6 /* PSViewController.h */,
				39922FC7213FF1F900D812D6 /* PSViewController.m */,
			);
			path = "ScrollView嵌套";
			sourceTree = "<group>";
		};
		39922FA8213FADAA00D812D6 /* ScrollView嵌套Tests */ = {
			isa = PBXGroup;
			children = (
				39922FA9213FADAA00D812D6 /* ScrollView__Tests.swift */,
				39922FAB213FADAA00D812D6 /* Info.plist */,
			);
			path = "ScrollView嵌套Tests";
			sourceTree = "<group>";
		};
		39922FB3213FADAA00D812D6 /* ScrollView嵌套UITests */ = {
			isa = PBXGroup;
			children = (
				39922FB4213FADAA00D812D6 /* ScrollView__UITests.swift */,
				39922FB6213FADAA00D812D6 /* Info.plist */,
			);
			path = "ScrollView嵌套UITests";
			sourceTree = "<group>";
		};
/* End PBXGroup section */

/* Begin PBXNativeTarget section */
		39922F90213FADAA00D812D6 /* ScrollView嵌套 */ = {
			isa = PBXNativeTarget;
			buildConfigurationList = 39922FB9213FADAA00D812D6 /* Build configuration list for PBXNativeTarget "ScrollView嵌套" */;
			buildPhases = (
				39922F8D213FADAA00D812D6 /* Sources */,
				39922F8E213FADAA00D812D6 /* Frameworks */,
				39922F8F213FADAA00D812D6 /* Resources */,
			);
			buildRules = (
			);
			dependencies = (
			);
			name = "ScrollView嵌套";
			productName = "ScrollView嵌套";
			productReference = 39922F91213FADAA00D812D6 /* ScrollView嵌套.app */;
			productType = "com.apple.product-type.application";
		};
		39922FA4213FADAA00D812D6 /* ScrollView嵌套Tests */ = {
			isa = PBXNativeTarget;
			buildConfigurationList = 39922FBC213FADAA00D812D6 /* Build configuration list for PBXNativeTarget "ScrollView嵌套Tests" */;
			buildPhases = (
				39922FA1213FADAA00D812D6 /* Sources */,
				39922FA2213FADAA00D812D6 /* Frameworks */,
				39922FA3213FADAA00D812D6 /* Resources */,
			);
			buildRules = (
			);
			dependencies = (
				39922FA7213FADAA00D812D6 /* PBXTargetDependency */,
			);
			name = "ScrollView嵌套Tests";
			productName = "ScrollView嵌套Tests";
			productReference = 39922FA5213FADAA00D812D6 /* ScrollView嵌套Tests.xctest */;
			productType = "com.apple.product-type.bundle.unit-test";
		};
		39922FAF213FADAA00D812D6 /* ScrollView嵌套UITests */ = {
			isa = PBXNativeTarget;
			buildConfigurationList = 39922FBF213FADAA00D812D6 /* Build configuration list for PBXNativeTarget "ScrollView嵌套UITests" */;
			buildPhases = (
				39922FAC213FADAA00D812D6 /* Sources */,
				39922FAD213FADAA00D812D6 /* Frameworks */,
				39922FAE213FADAA00D812D6 /* Resources */,
			);
			buildRules = (
			);
			dependencies = (
				39922FB2213FADAA00D812D6 /* PBXTargetDependency */,
			);
			name = "ScrollView嵌套UITests";
			productName = "ScrollView嵌套UITests";
			productReference = 39922FB0213FADAA00D812D6 /* ScrollView嵌套UITests.xctest */;
			productType = "com.apple.product-type.bundle.ui-testing";
		};
/* End PBXNativeTarget section */

/* Begin PBXProject section */
		39922F89213FADAA00D812D6 /* Project object */ = {
			isa = PBXProject;
			attributes = {
				LastSwiftUpdateCheck = 0920;
				LastUpgradeCheck = 0920;
				ORGANIZATIONNAME = "廖佩志";
				TargetAttributes = {
					39922F90213FADAA00D812D6 = {
						CreatedOnToolsVersion = 9.2;
						LastSwiftMigration = 0920;
						ProvisioningStyle = Automatic;
					};
					39922FA4213FADAA00D812D6 = {
						CreatedOnToolsVersion = 9.2;
						ProvisioningStyle = Automatic;
						TestTargetID = 39922F90213FADAA00D812D6;
					};
					39922FAF213FADAA00D812D6 = {
						CreatedOnToolsVersion = 9.2;
						ProvisioningStyle = Automatic;
						TestTargetID = 39922F90213FADAA00D812D6;
					};
				};
			};
			buildConfigurationList = 39922F8C213FADAA00D812D6 /* Build configuration list for PBXProject "ScrollView嵌套" */;
			compatibilityVersion = "Xcode 8.0";
			developmentRegion = en;
			hasScannedForEncodings = 0;
			knownRegions = (
				en,
				Base,
			);
			mainGroup = 39922F88213FADAA00D812D6;
			productRefGroup = 39922F92213FADAA00D812D6 /* Products */;
			projectDirPath = "";
			projectRoot = "";
			targets = (
				39922F90213FADAA00D812D6 /* ScrollView嵌套 */,
				39922FA4213FADAA00D812D6 /* ScrollView嵌套Tests */,
				39922FAF213FADAA00D812D6 /* ScrollView嵌套UITests */,
			);
		};
/* End PBXProject section */

/* Begin PBXResourcesBuildPhase section */
		39922F8F213FADAA00D812D6 /* Resources */ = {
			isa = PBXResourcesBuildPhase;
			buildActionMask = 2147483647;
			files = (
				39922F9F213FADAA00D812D6 /* LaunchScreen.storyboard in Resources */,
				39922F9C213FADAA00D812D6 /* Assets.xcassets in Resources */,
				39922F9A213FADAA00D812D6 /* Main.storyboard in Resources */,
			);
			runOnlyForDeploymentPostprocessing = 0;
		};
		39922FA3213FADAA00D812D6 /* Resources */ = {
			isa = PBXResourcesBuildPhase;
			buildActionMask = 2147483647;
			files = (
			);
			runOnlyForDeploymentPostprocessing = 0;
		};
		39922FAE213FADAA00D812D6 /* Resources */ = {
			isa = PBXResourcesBuildPhase;
			buildActionMask = 2147483647;
			files = (
			);
			runOnlyForDeploymentPostprocessing = 0;
		};
/* End PBXResourcesBuildPhase section */

/* Begin PBXSourcesBuildPhase section */
		39922F8D213FADAA00D812D6 /* Sources */ = {
			isa = PBXSourcesBuildPhase;
			buildActionMask = 2147483647;
			files = (
				39922F97213FADAA00D812D6 /* ViewController.swift in Sources */,
				39922FC5213FF18300D812D6 /* PSScrollView.m in Sources */,
				39922F95213FADAA00D812D6 /* AppDelegate.swift in Sources */,
				39922FC8213FF1F900D812D6 /* PSViewController.m in Sources */,
			);
			runOnlyForDeploymentPostprocessing = 0;
		};
		39922FA1213FADAA00D812D6 /* Sources */ = {
			isa = PBXSourcesBuildPhase;
			buildActionMask = 2147483647;
			files = (
				39922FAA213FADAA00D812D6 /* ScrollView__Tests.swift in Sources */,
			);
			runOnlyForDeploymentPostprocessing = 0;
		};
		39922FAC213FADAA00D812D6 /* Sources */ = {
			isa = PBXSourcesBuildPhase;
			buildActionMask = 2147483647;
			files = (
				39922FB5213FADAA00D812D6 /* ScrollView__UITests.swift in Sources */,
			);
			runOnlyForDeploymentPostprocessing = 0;
		};
/* End PBXSourcesBuildPhase section */

/* Begin PBXTargetDependency section */
		39922FA7213FADAA00D812D6 /* PBXTargetDependency */ = {
			isa = PBXTargetDependency;
			target = 39922F90213FADAA00D812D6 /* ScrollView嵌套 */;
			targetProxy = 39922FA6213FADAA00D812D6 /* PBXContainerItemProxy */;
		};
		39922FB2213FADAA00D812D6 /* PBXTargetDependency */ = {
			isa = PBXTargetDependency;
			target = 39922F90213FADAA00D812D6 /* ScrollView嵌套 */;
			targetProxy = 39922FB1213FADAA00D812D6 /* PBXContainerItemProxy */;
		};
/* End PBXTargetDependency section */

/* Begin PBXVariantGroup section */
		39922F98213FADAA00D812D6 /* Main.storyboard */ = {
			isa = PBXVariantGroup;
			children = (
				39922F99213FADAA00D812D6 /* Base */,
			);
			name = Main.storyboard;
			sourceTree = "<group>";
		};
		39922F9D213FADAA00D812D6 /* LaunchScreen.storyboard */ = {
			isa = PBXVariantGroup;
			children = (
				39922F9E213FADAA00D812D6 /* Base */,
			);
			name = LaunchScreen.storyboard;
			sourceTree = "<group>";
		};
/* End PBXVariantGroup section */

/* Begin XCBuildConfiguration section */
		39922FB7213FADAA00D812D6 /* Debug */ = {
			isa = XCBuildConfiguration;
			buildSettings = {
				ALWAYS_SEARCH_USER_PATHS = NO;
				CLANG_ANALYZER_NONNULL = YES;
				CLANG_ANALYZER_NUMBER_OBJECT_CONVERSION = YES_AGGRESSIVE;
				CLANG_CXX_LANGUAGE_STANDARD = "gnu++14";
				CLANG_CXX_LIBRARY = "libc++";
				CLANG_ENABLE_MODULES = YES;
				CLANG_ENABLE_OBJC_ARC = YES;
				CLANG_WARN_BLOCK_CAPTURE_AUTORELEASING = YES;
				CLANG_WARN_BOOL_CONVERSION = YES;
				CLANG_WARN_COMMA = YES;
				CLANG_WARN_CONSTANT_CONVERSION = YES;
				CLANG_WARN_DIRECT_OBJC_ISA_USAGE = YES_ERROR;
				CLANG_WARN_DOCUMENTATION_COMMENTS = YES;
				CLANG_WARN_EMPTY_BODY = YES;
				CLANG_WARN_ENUM_CONVERSION = YES;
				CLANG_WARN_INFINITE_RECURSION = YES;
				CLANG_WARN_INT_CONVERSION = YES;
				CLANG_WARN_NON_LITERAL_NULL_CONVERSION = YES;
				CLANG_WARN_OBJC_LITERAL_CONVERSION = YES;
				CLANG_WARN_OBJC_ROOT_CLASS = YES_ERROR;
				CLANG_WARN_RANGE_LOOP_ANALYSIS = YES;
				CLANG_WARN_STRICT_PROTOTYPES = YES;
				CLANG_WARN_SUSPICIOUS_MOVE = YES;
				CLANG_WARN_UNGUARDED_AVAILABILITY = YES_AGGRESSIVE;
				CLANG_WARN_UNREACHABLE_CODE = YES;
				CLANG_WARN__DUPLICATE_METHOD_MATCH = YES;
				CODE_SIGN_IDENTITY = "iPhone Developer";
				COPY_PHASE_STRIP = NO;
				DEBUG_INFORMATION_FORMAT = dwarf;
				ENABLE_STRICT_OBJC_MSGSEND = YES;
				ENABLE_TESTABILITY = YES;
				GCC_C_LANGUAGE_STANDARD = gnu11;
				GCC_DYNAMIC_NO_PIC = NO;
				GCC_NO_COMMON_BLOCKS = YES;
				GCC_OPTIMIZATION_LEVEL = 0;
				GCC_PREPROCESSOR_DEFINITIONS = (
					"DEBUG=1",
					"$(inherited)",
				);
				GCC_WARN_64_TO_32_BIT_CONVERSION = YES;
				GCC_WARN_ABOUT_RETURN_TYPE = YES_ERROR;
				GCC_WARN_UNDECLARED_SELECTOR = YES;
				GCC_WARN_UNINITIALIZED_AUTOS = YES_AGGRESSIVE;
				GCC_WARN_UNUSED_FUNCTION = YES;
				GCC_WARN_UNUSED_VARIABLE = YES;
				IPHONEOS_DEPLOYMENT_TARGET = 11.2;
				MTL_ENABLE_DEBUG_INFO = YES;
				ONLY_ACTIVE_ARCH = YES;
				SDKROOT = iphoneos;
				SWIFT_ACTIVE_COMPILATION_CONDITIONS = DEBUG;
				SWIFT_OPTIMIZATION_LEVEL = "-Onone";
			};
			name = Debug;
		};
		39922FB8213FADAA00D812D6 /* Release */ = {
			isa = XCBuildConfiguration;
			buildSettings = {
				ALWAYS_SEARCH_USER_PATHS = NO;
				CLANG_ANALYZER_NONNULL = YES;
				CLANG_ANALYZER_NUMBER_OBJECT_CONVERSION = YES_AGGRESSIVE;
				CLANG_CXX_LANGUAGE_STANDARD = "gnu++14";
				CLANG_CXX_LIBRARY = "libc++";
				CLANG_ENABLE_MODULES = YES;
				CLANG_ENABLE_OBJC_ARC = YES;
				CLANG_WARN_BLOCK_CAPTURE_AUTORELEASING = YES;
				CLANG_WARN_BOOL_CONVERSION = YES;
				CLANG_WARN_COMMA = YES;
				CLANG_WARN_CONSTANT_CONVERSION = YES;
				CLANG_WARN_DIRECT_OBJC_ISA_USAGE = YES_ERROR;
				CLANG_WARN_DOCUMENTATION_COMMENTS = YES;
				CLANG_WARN_EMPTY_BODY = YES;
				CLANG_WARN_ENUM_CONVERSION = YES;
				CLANG_WARN_INFINITE_RECURSION = YES;
				CLANG_WARN_INT_CONVERSION = YES;
				CLANG_WARN_NON_LITERAL_NULL_CONVERSION = YES;
				CLANG_WARN_OBJC_LITERAL_CONVERSION = YES;
				CLANG_WARN_OBJC_ROOT_CLASS = YES_ERROR;
				CLANG_WARN_RANGE_LOOP_ANALYSIS = YES;
				CLANG_WARN_STRICT_PROTOTYPES = YES;
				CLANG_WARN_SUSPICIOUS_MOVE = YES;
				CLANG_WARN_UNGUARDED_AVAILABILITY = YES_AGGRESSIVE;
				CLANG_WARN_UNREACHABLE_CODE = YES;
				CLANG_WARN__DUPLICATE_METHOD_MATCH = YES;
				CODE_SIGN_IDENTITY = "iPhone Developer";
				COPY_PHASE_STRIP = NO;
				DEBUG_INFORMATION_FORMAT = "dwarf-with-dsym";
				ENABLE_NS_ASSERTIONS = NO;
				ENABLE_STRICT_OBJC_MSGSEND = YES;
				GCC_C_LANGUAGE_STANDARD = gnu11;
				GCC_NO_COMMON_BLOCKS = YES;
				GCC_WARN_64_TO_32_BIT_CONVERSION = YES;
				GCC_WARN_ABOUT_RETURN_TYPE = YES_ERROR;
				GCC_WARN_UNDECLARED_SELECTOR = YES;
				GCC_WARN_UNINITIALIZED_AUTOS = YES_AGGRESSIVE;
				GCC_WARN_UNUSED_FUNCTION = YES;
				GCC_WARN_UNUSED_VARIABLE = YES;
				IPHONEOS_DEPLOYMENT_TARGET = 11.2;
				MTL_ENABLE_DEBUG_INFO = NO;
				SDKROOT = iphoneos;
				SWIFT_OPTIMIZATION_LEVEL = "-Owholemodule";
				VALIDATE_PRODUCT = YES;
			};
			name = Release;
		};
		39922FBA213FADAA00D812D6 /* Debug */ = {
			isa = XCBuildConfiguration;
			buildSettings = {
				ASSETCATALOG_COMPILER_APPICON_NAME = AppIcon;
				CLANG_ENABLE_MODULES = YES;
				CODE_SIGN_STYLE = Automatic;
				DEVELOPMENT_TEAM = 947Y58Z74K;
				INFOPLIST_FILE = "ScrollView嵌套/Info.plist";
				LD_RUNPATH_SEARCH_PATHS = "$(inherited) @executable_path/Frameworks";
				PRODUCT_BUNDLE_IDENTIFIER = "lpz.code.ScrollView--";
				PRODUCT_NAME = "$(TARGET_NAME)";
				SWIFT_OBJC_BRIDGING_HEADER = "ScrollView嵌套/ScrollView嵌套-Bridging-Header.h";
				SWIFT_OPTIMIZATION_LEVEL = "-Onone";
				SWIFT_VERSION = 4.0;
				TARGETED_DEVICE_FAMILY = "1,2";
			};
			name = Debug;
		};
		39922FBB213FADAA00D812D6 /* Release */ = {
			isa = XCBuildConfiguration;
			buildSettings = {
				ASSETCATALOG_COMPILER_APPICON_NAME = AppIcon;
				CLANG_ENABLE_MODULES = YES;
				CODE_SIGN_STYLE = Automatic;
				DEVELOPMENT_TEAM = 947Y58Z74K;
				INFOPLIST_FILE = "ScrollView嵌套/Info.plist";
				LD_RUNPATH_SEARCH_PATHS = "$(inherited) @executable_path/Frameworks";
				PRODUCT_BUNDLE_IDENTIFIER = "lpz.code.ScrollView--";
				PRODUCT_NAME = "$(TARGET_NAME)";
				SWIFT_OBJC_BRIDGING_HEADER = "ScrollView嵌套/ScrollView嵌套-Bridging-Header.h";
				SWIFT_VERSION = 4.0;
				TARGETED_DEVICE_FAMILY = "1,2";
			};
			name = Release;
		};
		39922FBD213FADAA00D812D6 /* Debug */ = {
			isa = XCBuildConfiguration;
			buildSettings = {
				ALWAYS_EMBED_SWIFT_STANDARD_LIBRARIES = YES;
				BUNDLE_LOADER = "$(TEST_HOST)";
				CODE_SIGN_STYLE = Automatic;
				DEVELOPMENT_TEAM = 947Y58Z74K;
				INFOPLIST_FILE = "ScrollView嵌套Tests/Info.plist";
				LD_RUNPATH_SEARCH_PATHS = "$(inherited) @executable_path/Frameworks @loader_path/Frameworks";
				PRODUCT_BUNDLE_IDENTIFIER = "lpz.code.ScrollView--Tests";
				PRODUCT_NAME = "$(TARGET_NAME)";
				SWIFT_VERSION = 4.0;
				TARGETED_DEVICE_FAMILY = "1,2";
				TEST_HOST = "$(BUILT_PRODUCTS_DIR)/ScrollView嵌套.app/ScrollView嵌套";
			};
			name = Debug;
		};
		39922FBE213FADAA00D812D6 /* Release */ = {
			isa = XCBuildConfiguration;
			buildSettings = {
				ALWAYS_EMBED_SWIFT_STANDARD_LIBRARIES = YES;
				BUNDLE_LOADER = "$(TEST_HOST)";
				CODE_SIGN_STYLE = Automatic;
				DEVELOPMENT_TEAM = 947Y58Z74K;
				INFOPLIST_FILE = "ScrollView嵌套Tests/Info.plist";
				LD_RUNPATH_SEARCH_PATHS = "$(inherited) @executable_path/Frameworks @loader_path/Frameworks";
				PRODUCT_BUNDLE_IDENTIFIER = "lpz.code.ScrollView--Tests";
				PRODUCT_NAME = "$(TARGET_NAME)";
				SWIFT_VERSION = 4.0;
				TARGETED_DEVICE_FAMILY = "1,2";
				TEST_HOST = "$(BUILT_PRODUCTS_DIR)/ScrollView嵌套.app/ScrollView嵌套";
			};
			name = Release;
		};
		39922FC0213FADAA00D812D6 /* Debug */ = {
			isa = XCBuildConfiguration;
			buildSettings = {
				ALWAYS_EMBED_SWIFT_STANDARD_LIBRARIES = YES;
				CODE_SIGN_STYLE = Automatic;
				DEVELOPMENT_TEAM = 947Y58Z74K;
				INFOPLIST_FILE = "ScrollView嵌套UITests/Info.plist";
				LD_RUNPATH_SEARCH_PATHS = "$(inherited) @executable_path/Frameworks @loader_path/Frameworks";
				PRODUCT_BUNDLE_IDENTIFIER = "lpz.code.ScrollView--UITests";
				PRODUCT_NAME = "$(TARGET_NAME)";
				SWIFT_VERSION = 4.0;
				TARGETED_DEVICE_FAMILY = "1,2";
				TEST_TARGET_NAME = "ScrollView嵌套";
			};
			name = Debug;
		};
		39922FC1213FADAA00D812D6 /* Release */ = {
			isa = XCBuildConfiguration;
			buildSettings = {
				ALWAYS_EMBED_SWIFT_STANDARD_LIBRARIES = YES;
				CODE_SIGN_STYLE = Automatic;
				DEVELOPMENT_TEAM = 947Y58Z74K;
				INFOPLIST_FILE = "ScrollView嵌套UITests/Info.plist";
				LD_RUNPATH_SEARCH_PATHS = "$(inherited) @executable_path/Frameworks @loader_path/Frameworks";
				PRODUCT_BUNDLE_IDENTIFIER = "lpz.code.ScrollView--UITests";
				PRODUCT_NAME = "$(TARGET_NAME)";
				SWIFT_VERSION = 4.0;
				TARGETED_DEVICE_FAMILY = "1,2";
				TEST_TARGET_NAME = "ScrollView嵌套";
			};
			name = Release;
		};
/* End XCBuildConfiguration section */

/* Begin XCConfigurationList section */
		39922F8C213FADAA00D812D6 /* Build configuration list for PBXProject "ScrollView嵌套" */ = {
			isa = XCConfigurationList;
			buildConfigurations = (
				39922FB7213FADAA00D812D6 /* Debug */,
				39922FB8213FADAA00D812D6 /* Release */,
			);
			defaultConfigurationIsVisible = 0;
			defaultConfigurationName = Release;
		};
		39922FB9213FADAA00D812D6 /* Build configuration list for PBXNativeTarget "ScrollView嵌套" */ = {
			isa = XCConfigurationList;
			buildConfigurations = (
				39922FBA213FADAA00D812D6 /* Debug */,
				39922FBB213FADAA00D812D6 /* Release */,
			);
			defaultConfigurationIsVisible = 0;
			defaultConfigurationName = Release;
		};
		39922FBC213FADAA00D812D6 /* Build configuration list for PBXNativeTarget "ScrollView嵌套Tests" */ = {
			isa = XCConfigurationList;
			buildConfigurations = (
				39922FBD213FADAA00D812D6 /* Debug */,
				39922FBE213FADAA00D812D6 /* Release */,
			);
			defaultConfigurationIsVisible = 0;
			defaultConfigurationName = Release;
		};
		39922FBF213FADAA00D812D6 /* Build configuration list for PBXNativeTarget "ScrollView嵌套UITests" */ = {
			isa = XCConfigurationList;
			buildConfigurations = (
				39922FC0213FADAA00D812D6 /* Debug */,
				39922FC1213FADAA00D812D6 /* Release */,
			);
			defaultConfigurationIsVisible = 0;
			defaultConfigurationName = Release;
		};
/* End XCConfigurationList section */
	};
	rootObject = 39922F89213FADAA00D812D6 /* Project object */;
}
